// !$*UTF8*$!
{
	archiveVersion = 1;
	classes = {
	};
	objectVersion = 56;
	objects = {

/* Begin PBXBuildFile section */
		0786EEDC98018626E9B07EF3 /* NearbyDevicesView.swift in Sources */ = {isa = PBXBuildFile; fileRef = B1096FCF665585B71F237889 /* NearbyDevicesView.swift */; };
		0E780C4AB51536B5AE77CEE3 /* ReceiverViewModel.swift in Sources */ = {isa = PBXBuildFile; fileRef = 3EAC7ABBB37116B0CE4DC31A /* ReceiverViewModel.swift */; };
		0ED3391B3B79DEA928ECE787 /* QRCodePairingView.swift in Sources */ = {isa = PBXBuildFile; fileRef = 94D7E2B840013457FAB2E09E /* QRCodePairingView.swift */; };
		1B95FD65E2F3D84C976A4FEC /* AppState.swift in Sources */ = {isa = PBXBuildFile; fileRef = 50125A8DADEC005654C80FD9 /* AppState.swift */; };
		30422F0AD58187A2DCA03501 /* TrustedDeviceStore.swift in Sources */ = {isa = PBXBuildFile; fileRef = 77A412A68245E7F85ADE8521 /* TrustedDeviceStore.swift */; };
		377F2115680B9E94B7DD6891 /* OnboardingView.swift in Sources */ = {isa = PBXBuildFile; fileRef = FC7D863184099BF31F17A78A /* OnboardingView.swift */; };
		5122928503EA7EBA38F6751A /* Dashboard.swift in Sources */ = {isa = PBXBuildFile; fileRef = 7244CC224F5F7498F3ECDA3B /* Dashboard.swift */; };
		51295793E492B4DBEB345491 /* PairedDevice.swift in Sources */ = {isa = PBXBuildFile; fileRef = 2EFD066E3243CDD000314374 /* PairedDevice.swift */; };
		53F91CAE345EBCC6D65371C1 /* RootView.swift in Sources */ = {isa = PBXBuildFile; fileRef = 3F6585555EB226F4CB231803 /* RootView.swift */; };
		579C18B3182A4AF513FF746F /* DashboardStore.swift in Sources */ = {isa = PBXBuildFile; fileRef = 6751A01FCF7373AD0F0E8D9F /* DashboardStore.swift */; };
		57D5D4CB308E76D6F3672BCE /* SettingsView.swift in Sources */ = {isa = PBXBuildFile; fileRef = 2B009A044BD49AF8C1298817 /* SettingsView.swift */; };
		63B12DAF0E95FE96335B79A3 /* SampleData.swift in Sources */ = {isa = PBXBuildFile; fileRef = F3E3E39FE27D53F19B83025F /* SampleData.swift */; };
		66B6104E854FD6EEA3D94024 /* IncomingCommandView.swift in Sources */ = {isa = PBXBuildFile; fileRef = C0F7430E626F0DACCB31CFCB /* IncomingCommandView.swift */; };
		6B3C55C2B8237AB865E73CC0 /* CommandEncoder.swift in Sources */ = {isa = PBXBuildFile; fileRef = F191B2C05C308009F6205FEA /* CommandEncoder.swift */; };
		7A105EB1B59C1796ECC6FF7D /* DashboardModelTests.swift in Sources */ = {isa = PBXBuildFile; fileRef = 1821CE79AF9F88917DBCE952 /* DashboardModelTests.swift */; };
		805B04BDAF5B4F92615786A1 /* Assets.xcassets in Resources */ = {isa = PBXBuildFile; fileRef = 532ADBADC6B4DF2401C127B4 /* Assets.xcassets */; };
		971002FE2542B2511AEE30A6 /* AppDelegate.swift in Sources */ = {isa = PBXBuildFile; fileRef = 0CC7480FA68F7AA7F8D20DF4 /* AppDelegate.swift */; };
		97A17C5D56248B8EB46016F9 /* ButtonEditorView.swift in Sources */ = {isa = PBXBuildFile; fileRef = 96A40C63BDB64C8F9B5CCA68 /* ButtonEditorView.swift */; };
		9ADC354237D49DCF3F0B077C /* ButtonEditorViewModel.swift in Sources */ = {isa = PBXBuildFile; fileRef = 9149626A40E31DF2B2F345F0 /* ButtonEditorViewModel.swift */; };
		AA0266210DEBDDD8E421C887 /* DeskButtonView.swift in Sources */ = {isa = PBXBuildFile; fileRef = EEC963098C226C38B799C6F5 /* DeskButtonView.swift */; };
		B17C2E18B1F13EF458FE39EC /* DashboardGridView.swift in Sources */ = {isa = PBXBuildFile; fileRef = 463BCCE4A00A42E2DD83F5C6 /* DashboardGridView.swift */; };
		B360904E7185F5BE320561D9 /* PairingViewModel.swift in Sources */ = {isa = PBXBuildFile; fileRef = 58469F995C1C2CA35FDABBF6 /* PairingViewModel.swift */; };
		B457EEA430E1895A3628FEF7 /* CommandMessage.swift in Sources */ = {isa = PBXBuildFile; fileRef = 14B3A2F2DBBFD188449936D3 /* CommandMessage.swift */; };
		B77FE54B08DF4EDD0CF531B9 /* Localizable.strings in Resources */ = {isa = PBXBuildFile; fileRef = 9595241FE04D89F1E24839D2 /* Localizable.strings */; };
		BC68B8C4877A4A33AF42A5AA /* CommandMessageTests.swift in Sources */ = {isa = PBXBuildFile; fileRef = 108F27EC9A577AE338C5276E /* CommandMessageTests.swift */; };
		BE0BC1519A98DDD96DA0F293 /* ButtonAction.swift in Sources */ = {isa = PBXBuildFile; fileRef = 6FC6710AAAD09805F86C870D /* ButtonAction.swift */; };
		C0A0B4873C291E75C1DC8B3D /* ReceiverView.swift in Sources */ = {isa = PBXBuildFile; fileRef = C6E3E31986E607070D97263F /* ReceiverView.swift */; };
		C409AC630DF0F34D3533D02D /* AppConfiguration.swift in Sources */ = {isa = PBXBuildFile; fileRef = 707475BF17537D9DD37051AD /* AppConfiguration.swift */; };
		C5FEE63A974D3CB911D90435 /* SenderView.swift in Sources */ = {isa = PBXBuildFile; fileRef = FD0308FBCFFF96E5FDEA8C4C /* SenderView.swift */; };
		C77673232D4940D836934546 /* MultipeerConnectivity.framework in Frameworks */ = {isa = PBXBuildFile; fileRef = 0708EC771F15601D534EF193 /* MultipeerConnectivity.framework */; };
		C88C17EF79623321D85951D1 /* DeskBoardApp.swift in Sources */ = {isa = PBXBuildFile; fileRef = 720E3BD0EF75D9232E318CC3 /* DeskBoardApp.swift */; };
		D0C4EDF251ECE1149D76DE1D /* PagePickerView.swift in Sources */ = {isa = PBXBuildFile; fileRef = 1BB991CEF5902EABB580F9E6 /* PagePickerView.swift */; };
		D0D640C8D9FA0F22C7FCA688 /* ButtonActionTests.swift in Sources */ = {isa = PBXBuildFile; fileRef = 26151DD223C948D8B4D66B15 /* ButtonActionTests.swift */; };
		D134730FFA520BA3AFF0A4E0 /* KeychainAccess in Frameworks */ = {isa = PBXBuildFile; productRef = FA62032B53C5A40235EFAAA7 /* KeychainAccess */; };
		D4C3943D4BFD2DA9135842B1 /* SettingsViewModel.swift in Sources */ = {isa = PBXBuildFile; fileRef = 640D25C7F1F117DD7AC11546 /* SettingsViewModel.swift */; };
		D7A3333F7EC673052F4F18C1 /* PeerSession.swift in Sources */ = {isa = PBXBuildFile; fileRef = 62577B7DA682D119CB93A74F /* PeerSession.swift */; };
		D8AC1B1A1DC951A2C8AAFF52 /* PairingView.swift in Sources */ = {isa = PBXBuildFile; fileRef = 5F1BC1D4A70BD8DE542EE982 /* PairingView.swift */; };
		ED2BB1B71606515670F5B300 /* HapticManager.swift in Sources */ = {isa = PBXBuildFile; fileRef = 597D54B54285750A1128B55E /* HapticManager.swift */; };
		F2E8331851FB2AF32E276771 /* RoleSelectionView.swift in Sources */ = {isa = PBXBuildFile; fileRef = 9F03BD25416330C6A4DEB3FB /* RoleSelectionView.swift */; };
		FCA657347604828E2E2BDB0D /* SenderViewModel.swift in Sources */ = {isa = PBXBuildFile; fileRef = BE11EF6F39695B74691DB97E /* SenderViewModel.swift */; };
		FDEE9A21BC7A542881743CB9 /* Extensions.swift in Sources */ = {isa = PBXBuildFile; fileRef = 17858DB5CE57CD1585C6EF2D /* Extensions.swift */; };
/* End PBXBuildFile section */

/* Begin PBXContainerItemProxy section */
		9C7709EBEA293E4CDCF0BD82 /* PBXContainerItemProxy */ = {
			isa = PBXContainerItemProxy;
			containerPortal = 379FC34FC4492C9416ADF88F /* Project object */;
			proxyType = 1;
			remoteGlobalIDString = FA176E7EAD6ED6AA8759817D;
			remoteInfo = DeskBoard;
		};
/* End PBXContainerItemProxy section */

/* Begin PBXFileReference section */
		0708EC771F15601D534EF193 /* MultipeerConnectivity.framework */ = {isa = PBXFileReference; lastKnownFileType = wrapper.framework; name = MultipeerConnectivity.framework; path = System/Library/Frameworks/MultipeerConnectivity.framework; sourceTree = SDKROOT; };
		0CC7480FA68F7AA7F8D20DF4 /* AppDelegate.swift */ = {isa = PBXFileReference; lastKnownFileType = sourcecode.swift; path = AppDelegate.swift; sourceTree = "<group>"; };
		108F27EC9A577AE338C5276E /* CommandMessageTests.swift */ = {isa = PBXFileReference; lastKnownFileType = sourcecode.swift; path = CommandMessageTests.swift; sourceTree = "<group>"; };
		14B3A2F2DBBFD188449936D3 /* CommandMessage.swift */ = {isa = PBXFileReference; lastKnownFileType = sourcecode.swift; path = CommandMessage.swift; sourceTree = "<group>"; };
		17858DB5CE57CD1585C6EF2D /* Extensions.swift */ = {isa = PBXFileReference; lastKnownFileType = sourcecode.swift; path = Extensions.swift; sourceTree = "<group>"; };
		1821CE79AF9F88917DBCE952 /* DashboardModelTests.swift */ = {isa = PBXFileReference; lastKnownFileType = sourcecode.swift; path = DashboardModelTests.swift; sourceTree = "<group>"; };
		1BB991CEF5902EABB580F9E6 /* PagePickerView.swift */ = {isa = PBXFileReference; lastKnownFileType = sourcecode.swift; path = PagePickerView.swift; sourceTree = "<group>"; };
		26151DD223C948D8B4D66B15 /* ButtonActionTests.swift */ = {isa = PBXFileReference; lastKnownFileType = sourcecode.swift; path = ButtonActionTests.swift; sourceTree = "<group>"; };
		2B009A044BD49AF8C1298817 /* SettingsView.swift */ = {isa = PBXFileReference; lastKnownFileType = sourcecode.swift; path = SettingsView.swift; sourceTree = "<group>"; };
		2EFD066E3243CDD000314374 /* PairedDevice.swift */ = {isa = PBXFileReference; lastKnownFileType = sourcecode.swift; path = PairedDevice.swift; sourceTree = "<group>"; };
		3EAC7ABBB37116B0CE4DC31A /* ReceiverViewModel.swift */ = {isa = PBXFileReference; lastKnownFileType = sourcecode.swift; path = ReceiverViewModel.swift; sourceTree = "<group>"; };
		3F6585555EB226F4CB231803 /* RootView.swift */ = {isa = PBXFileReference; lastKnownFileType = sourcecode.swift; path = RootView.swift; sourceTree = "<group>"; };
		463BCCE4A00A42E2DD83F5C6 /* DashboardGridView.swift */ = {isa = PBXFileReference; lastKnownFileType = sourcecode.swift; path = DashboardGridView.swift; sourceTree = "<group>"; };
		50125A8DADEC005654C80FD9 /* AppState.swift */ = {isa = PBXFileReference; lastKnownFileType = sourcecode.swift; path = AppState.swift; sourceTree = "<group>"; };
		532ADBADC6B4DF2401C127B4 /* Assets.xcassets */ = {isa = PBXFileReference; lastKnownFileType = folder.assetcatalog; path = Assets.xcassets; sourceTree = "<group>"; };
		58469F995C1C2CA35FDABBF6 /* PairingViewModel.swift */ = {isa = PBXFileReference; lastKnownFileType = sourcecode.swift; path = PairingViewModel.swift; sourceTree = "<group>"; };
		597D54B54285750A1128B55E /* HapticManager.swift */ = {isa = PBXFileReference; lastKnownFileType = sourcecode.swift; path = HapticManager.swift; sourceTree = "<group>"; };
		5F1BC1D4A70BD8DE542EE982 /* PairingView.swift */ = {isa = PBXFileReference; lastKnownFileType = sourcecode.swift; path = PairingView.swift; sourceTree = "<group>"; };
		62577B7DA682D119CB93A74F /* PeerSession.swift */ = {isa = PBXFileReference; lastKnownFileType = sourcecode.swift; path = PeerSession.swift; sourceTree = "<group>"; };
		640D25C7F1F117DD7AC11546 /* SettingsViewModel.swift */ = {isa = PBXFileReference; lastKnownFileType = sourcecode.swift; path = SettingsViewModel.swift; sourceTree = "<group>"; };
		6751A01FCF7373AD0F0E8D9F /* DashboardStore.swift */ = {isa = PBXFileReference; lastKnownFileType = sourcecode.swift; path = DashboardStore.swift; sourceTree = "<group>"; };
		6FC6710AAAD09805F86C870D /* ButtonAction.swift */ = {isa = PBXFileReference; lastKnownFileType = sourcecode.swift; path = ButtonAction.swift; sourceTree = "<group>"; };
		707475BF17537D9DD37051AD /* AppConfiguration.swift */ = {isa = PBXFileReference; lastKnownFileType = sourcecode.swift; path = AppConfiguration.swift; sourceTree = "<group>"; };
		720E3BD0EF75D9232E318CC3 /* DeskBoardApp.swift */ = {isa = PBXFileReference; lastKnownFileType = sourcecode.swift; path = DeskBoardApp.swift; sourceTree = "<group>"; };
		7244CC224F5F7498F3ECDA3B /* Dashboard.swift */ = {isa = PBXFileReference; lastKnownFileType = sourcecode.swift; path = Dashboard.swift; sourceTree = "<group>"; };
		7415216579D6CEC7EF75BEA5 /* DeskBoard.entitlements */ = {isa = PBXFileReference; lastKnownFileType = text.plist.entitlements; path = DeskBoard.entitlements; sourceTree = "<group>"; };
		77A412A68245E7F85ADE8521 /* TrustedDeviceStore.swift */ = {isa = PBXFileReference; lastKnownFileType = sourcecode.swift; path = TrustedDeviceStore.swift; sourceTree = "<group>"; };
		7DDE37A3ED9F252925EB6F1C /* DeckBoard.app */ = {isa = PBXFileReference; explicitFileType = wrapper.application; includeInIndex = 0; path = DeckBoard.app; sourceTree = BUILT_PRODUCTS_DIR; };
		9149626A40E31DF2B2F345F0 /* ButtonEditorViewModel.swift */ = {isa = PBXFileReference; lastKnownFileType = sourcecode.swift; path = ButtonEditorViewModel.swift; sourceTree = "<group>"; };
		94D7E2B840013457FAB2E09E /* QRCodePairingView.swift */ = {isa = PBXFileReference; lastKnownFileType = sourcecode.swift; path = QRCodePairingView.swift; sourceTree = "<group>"; };
		9595241FE04D89F1E24839D2 /* Localizable.strings */ = {isa = PBXFileReference; lastKnownFileType = text.plist.strings; path = Localizable.strings; sourceTree = "<group>"; };
		96A40C63BDB64C8F9B5CCA68 /* ButtonEditorView.swift */ = {isa = PBXFileReference; lastKnownFileType = sourcecode.swift; path = ButtonEditorView.swift; sourceTree = "<group>"; };
		99FE3394F3E6CD048695C004 /* DeckBoard.xctest */ = {isa = PBXFileReference; explicitFileType = wrapper.cfbundle; includeInIndex = 0; path = DeckBoard.xctest; sourceTree = BUILT_PRODUCTS_DIR; };
		9F03BD25416330C6A4DEB3FB /* RoleSelectionView.swift */ = {isa = PBXFileReference; lastKnownFileType = sourcecode.swift; path = RoleSelectionView.swift; sourceTree = "<group>"; };
		A9332B9E05BD76D35DAE8E27 /* Info.plist */ = {isa = PBXFileReference; lastKnownFileType = text.plist.xml; path = Info.plist; sourceTree = "<group>"; };
		B1096FCF665585B71F237889 /* NearbyDevicesView.swift */ = {isa = PBXFileReference; lastKnownFileType = sourcecode.swift; path = NearbyDevicesView.swift; sourceTree = "<group>"; };
		BE11EF6F39695B74691DB97E /* SenderViewModel.swift */ = {isa = PBXFileReference; lastKnownFileType = sourcecode.swift; path = SenderViewModel.swift; sourceTree = "<group>"; };
		C0F7430E626F0DACCB31CFCB /* IncomingCommandView.swift */ = {isa = PBXFileReference; lastKnownFileType = sourcecode.swift; path = IncomingCommandView.swift; sourceTree = "<group>"; };
		C6E3E31986E607070D97263F /* ReceiverView.swift */ = {isa = PBXFileReference; lastKnownFileType = sourcecode.swift; path = ReceiverView.swift; sourceTree = "<group>"; };
		EEC963098C226C38B799C6F5 /* DeskButtonView.swift */ = {isa = PBXFileReference; lastKnownFileType = sourcecode.swift; path = DeskButtonView.swift; sourceTree = "<group>"; };
		F191B2C05C308009F6205FEA /* CommandEncoder.swift */ = {isa = PBXFileReference; lastKnownFileType = sourcecode.swift; path = CommandEncoder.swift; sourceTree = "<group>"; };
		F3E3E39FE27D53F19B83025F /* SampleData.swift */ = {isa = PBXFileReference; lastKnownFileType = sourcecode.swift; path = SampleData.swift; sourceTree = "<group>"; };
		FC7D863184099BF31F17A78A /* OnboardingView.swift */ = {isa = PBXFileReference; lastKnownFileType = sourcecode.swift; path = OnboardingView.swift; sourceTree = "<group>"; };
		FD0308FBCFFF96E5FDEA8C4C /* SenderView.swift */ = {isa = PBXFileReference; lastKnownFileType = sourcecode.swift; path = SenderView.swift; sourceTree = "<group>"; };
/* End PBXFileReference section */

/* Begin PBXFrameworksBuildPhase section */
		5980A7394326B22AC661B135 /* Frameworks */ = {
			isa = PBXFrameworksBuildPhase;
			buildActionMask = 2147483647;
			files = (
			);
			runOnlyForDeploymentPostprocessing = 0;
		};
		A0812686A1F72C2D55E1F6DE /* Frameworks */ = {
			isa = PBXFrameworksBuildPhase;
			buildActionMask = 2147483647;
			files = (
				C77673232D4940D836934546 /* MultipeerConnectivity.framework in Frameworks */,
				D134730FFA520BA3AFF0A4E0 /* KeychainAccess in Frameworks */,
			);
			runOnlyForDeploymentPostprocessing = 0;
		};
/* End PBXFrameworksBuildPhase section */

/* Begin PBXGroup section */
		1123DD1DC7F3C7A7DF7A72AE /* Views */ = {
			isa = PBXGroup;
			children = (
				2B009A044BD49AF8C1298817 /* SettingsView.swift */,
			);
			path = Views;
			sourceTree = "<group>";
		};
		1634EE49CB85551DD886B608 /* Extensions */ = {
			isa = PBXGroup;
			children = (
				17858DB5CE57CD1585C6EF2D /* Extensions.swift */,
			);
			path = Extensions;
			sourceTree = "<group>";
		};
		16EC398FEE823276D86C270F /* Core */ = {
			isa = PBXGroup;
			children = (
				1634EE49CB85551DD886B608 /* Extensions */,
				89B9F95FB6BEFEF5E0F9833E /* Models */,
				59F61E9879A6A33998C5DBF2 /* Networking */,
				DA10D92DEDB0B310837C4628 /* Storage */,
				BE0A0E64CE824821CC87BC98 /* Utilities */,
			);
			path = Core;
			sourceTree = "<group>";
		};
		171FEBFAE27FAA6525D4A44B /* ViewModels */ = {
			isa = PBXGroup;
			children = (
				3EAC7ABBB37116B0CE4DC31A /* ReceiverViewModel.swift */,
			);
			path = ViewModels;
			sourceTree = "<group>";
		};
		1E25ABBB274D2A046BCF5112 /* Views */ = {
			isa = PBXGroup;
			children = (
				96A40C63BDB64C8F9B5CCA68 /* ButtonEditorView.swift */,
				463BCCE4A00A42E2DD83F5C6 /* DashboardGridView.swift */,
				EEC963098C226C38B799C6F5 /* DeskButtonView.swift */,
				1BB991CEF5902EABB580F9E6 /* PagePickerView.swift */,
				FD0308FBCFFF96E5FDEA8C4C /* SenderView.swift */,
			);
			path = Views;
			sourceTree = "<group>";
		};
		2D2AC40CAD459A3A762DC566 /* ViewModels */ = {
			isa = PBXGroup;
			children = (
				9149626A40E31DF2B2F345F0 /* ButtonEditorViewModel.swift */,
				BE11EF6F39695B74691DB97E /* SenderViewModel.swift */,
			);
			path = ViewModels;
			sourceTree = "<group>";
		};
		3E846DFE51C64B1F1F075C1D /* Features */ = {
			isa = PBXGroup;
			children = (
				AC1D05B51CF7BF99813FB229 /* Onboarding */,
				DC0BB68C4459ABC5850A6A75 /* Pairing */,
				BF5ACF277A0BEA50D89B864F /* Receiver */,
				91BAEDF4EE129C44EA6565A1 /* Sender */,
				8AD74084119A216C9BA53595 /* Settings */,
			);
			path = Features;
			sourceTree = "<group>";
		};
		44B6F87E4187876DE83347CC /* ViewModels */ = {
			isa = PBXGroup;
			children = (
				58469F995C1C2CA35FDABBF6 /* PairingViewModel.swift */,
			);
			path = ViewModels;
			sourceTree = "<group>";
		};
		47835F6D90042468A2DE98EB /* Views */ = {
			isa = PBXGroup;
			children = (
				B1096FCF665585B71F237889 /* NearbyDevicesView.swift */,
				5F1BC1D4A70BD8DE542EE982 /* PairingView.swift */,
				94D7E2B840013457FAB2E09E /* QRCodePairingView.swift */,
			);
			path = Views;
			sourceTree = "<group>";
		};
		59F61E9879A6A33998C5DBF2 /* Networking */ = {
			isa = PBXGroup;
			children = (
				F191B2C05C308009F6205FEA /* CommandEncoder.swift */,
				62577B7DA682D119CB93A74F /* PeerSession.swift */,
			);
			path = Networking;
			sourceTree = "<group>";
		};
		5C999E731352905727541C3C = {
			isa = PBXGroup;
			children = (
				D8459709F6D9BD48D2B42821 /* Sources */,
				81D01C0FD21E979897052079 /* Resources */,
				ED4596A01DC028978AB2F21B /* Tests */,
				6D159F361021D92BC3E10E55 /* Products */,
			);
			sourceTree = "<group>";
		};
		5D652BDCAEF6042A9224F404 /* Views */ = {
			isa = PBXGroup;
			children = (
				C0F7430E626F0DACCB31CFCB /* IncomingCommandView.swift */,
				C6E3E31986E607070D97263F /* ReceiverView.swift */,
			);
			path = Views;
			sourceTree = "<group>";
		};
		6D159F361021D92BC3E10E55 /* Products */ = {
			isa = PBXGroup;
			children = (
				7DDE37A3ED9F252925EB6F1C /* DeskBoard.app */,
				99FE3394F3E6CD048695C004 /* DeskBoardTests.xctest */,
			);
			name = Products;
			sourceTree = "<group>";
		};
		81D01C0FD21E979897052079 /* Resources */ = {
			isa = PBXGroup;
			children = (
				532ADBADC6B4DF2401C127B4 /* Assets.xcassets */,
				9595241FE04D89F1E24839D2 /* Localizable.strings */,
				A9332B9E05BD76D35DAE8E27 /* Info.plist */,
			);
			path = Resources;
			sourceTree = "<group>";
		};
		89B9F95FB6BEFEF5E0F9833E /* Models */ = {
			isa = PBXGroup;
			children = (
				6FC6710AAAD09805F86C870D /* ButtonAction.swift */,
				14B3A2F2DBBFD188449936D3 /* CommandMessage.swift */,
				7244CC224F5F7498F3ECDA3B /* Dashboard.swift */,
				2EFD066E3243CDD000314374 /* PairedDevice.swift */,
				F3E3E39FE27D53F19B83025F /* SampleData.swift */,
			);
			path = Models;
			sourceTree = "<group>";
		};
		8AD74084119A216C9BA53595 /* Settings */ = {
			isa = PBXGroup;
			children = (
				DE8B4B79F7A5C378F012374B /* ViewModels */,
				1123DD1DC7F3C7A7DF7A72AE /* Views */,
			);
			path = Settings;
			sourceTree = "<group>";
		};
		91BAEDF4EE129C44EA6565A1 /* Sender */ = {
			isa = PBXGroup;
			children = (
				2D2AC40CAD459A3A762DC566 /* ViewModels */,
				1E25ABBB274D2A046BCF5112 /* Views */,
			);
			path = Sender;
			sourceTree = "<group>";
		};
		AB9AFEE3E5E50AC7758049DD /* DeskBoardTests */ = {
			isa = PBXGroup;
			children = (
				26151DD223C948D8B4D66B15 /* ButtonActionTests.swift */,
				108F27EC9A577AE338C5276E /* CommandMessageTests.swift */,
				1821CE79AF9F88917DBCE952 /* DashboardModelTests.swift */,
			);
			path = DeskBoardTests;
			sourceTree = "<group>";
		};
		AC1D05B51CF7BF99813FB229 /* Onboarding */ = {
			isa = PBXGroup;
			children = (
				FAFA65C6A02E6A31584D914F /* Views */,
			);
			path = Onboarding;
			sourceTree = "<group>";
		};
		AC60C180CD80C4E8B8B7D689 /* DeskBoard */ = {
			isa = PBXGroup;
			children = (
				D4BAA6CF3F4204D0B19A1276 /* App */,
				16EC398FEE823276D86C270F /* Core */,
				3E846DFE51C64B1F1F075C1D /* Features */,
			);
			path = DeskBoard;
			sourceTree = "<group>";
		};
		BE0A0E64CE824821CC87BC98 /* Utilities */ = {
			isa = PBXGroup;
			children = (
				707475BF17537D9DD37051AD /* AppConfiguration.swift */,
				597D54B54285750A1128B55E /* HapticManager.swift */,
			);
			path = Utilities;
			sourceTree = "<group>";
		};
		BF5ACF277A0BEA50D89B864F /* Receiver */ = {
			isa = PBXGroup;
			children = (
				171FEBFAE27FAA6525D4A44B /* ViewModels */,
				5D652BDCAEF6042A9224F404 /* Views */,
			);
			path = Receiver;
			sourceTree = "<group>";
		};
		D4BAA6CF3F4204D0B19A1276 /* App */ = {
			isa = PBXGroup;
			children = (
				0CC7480FA68F7AA7F8D20DF4 /* AppDelegate.swift */,
				50125A8DADEC005654C80FD9 /* AppState.swift */,
				720E3BD0EF75D9232E318CC3 /* DeskBoardApp.swift */,
				3F6585555EB226F4CB231803 /* RootView.swift */,
				7415216579D6CEC7EF75BEA5 /* DeskBoard.entitlements */,
			);
			path = App;
			sourceTree = "<group>";
		};
		D8459709F6D9BD48D2B42821 /* Sources */ = {
			isa = PBXGroup;
			children = (
				AC60C180CD80C4E8B8B7D689 /* DeskBoard */,
			);
			path = Sources;
			sourceTree = "<group>";
		};
		DA10D92DEDB0B310837C4628 /* Storage */ = {
			isa = PBXGroup;
			children = (
				6751A01FCF7373AD0F0E8D9F /* DashboardStore.swift */,
				77A412A68245E7F85ADE8521 /* TrustedDeviceStore.swift */,
			);
			path = Storage;
			sourceTree = "<group>";
		};
		DC0BB68C4459ABC5850A6A75 /* Pairing */ = {
			isa = PBXGroup;
			children = (
				44B6F87E4187876DE83347CC /* ViewModels */,
				47835F6D90042468A2DE98EB /* Views */,
			);
			path = Pairing;
			sourceTree = "<group>";
		};
		DE8B4B79F7A5C378F012374B /* ViewModels */ = {
			isa = PBXGroup;
			children = (
				640D25C7F1F117DD7AC11546 /* SettingsViewModel.swift */,
			);
			path = ViewModels;
			sourceTree = "<group>";
		};
		ED4596A01DC028978AB2F21B /* Tests */ = {
			isa = PBXGroup;
			children = (
				AB9AFEE3E5E50AC7758049DD /* DeskBoardTests */,
			);
			path = Tests;
			sourceTree = "<group>";
		};
		FAFA65C6A02E6A31584D914F /* Views */ = {
			isa = PBXGroup;
			children = (
				FC7D863184099BF31F17A78A /* OnboardingView.swift */,
				9F03BD25416330C6A4DEB3FB /* RoleSelectionView.swift */,
			);
			path = Views;
			sourceTree = "<group>";
		};
/* End PBXGroup section */

/* Begin PBXNativeTarget section */
		BD584B0226D4B8C6C6C46071 /* DeckBoard */ = {
			isa = PBXNativeTarget;
			buildConfigurationList = 545CD3DA43A5A0865BCB5F30 /* Build configuration list for PBXNativeTarget "DeckBoard" */;
			buildPhases = (
				13B7451FC8A4D1526B49E800 /* Sources */,
				5980A7394326B22AC661B135 /* Frameworks */,
			);
			buildRules = (
			);
			dependencies = (
				773629CA57E64B8ECC613E6A /* PBXTargetDependency */,
			);
			name = DeckBoard;
			productName = DeckBoard;
			productReference = 99FE3394F3E6CD048695C004 /* DeskBoardTests.xctest */;
			productType = "com.apple.product-type.bundle.unit-test";
		};
		FA176E7EAD6ED6AA8759817D /* DeckBoard */ = {
			isa = PBXNativeTarget;
			buildConfigurationList = 6B210DD1C3B572803298B3FB /* Build configuration list for PBXNativeTarget "DeckBoard" */;
			buildPhases = (
				0DBDD313236E80205C59E566 /* Sources */,
				1363E74374AB9928053079BC /* Resources */,
				A0812686A1F72C2D55E1F6DE /* Frameworks */,
			);
			buildRules = (
			);
			dependencies = (
			);
			name = DeckBoard;
			packageProductDependencies = (
				FA62032B53C5A40235EFAAA7 /* KeychainAccess */,
			);
			productName = DeckBoard;
			productReference = 7DDE37A3ED9F252925EB6F1C /* DeskBoard.app */;
			productType = "com.apple.product-type.application";
		};
/* End PBXNativeTarget section */

/* Begin PBXProject section */
		379FC34FC4492C9416ADF88F /* Project object */ = {
			isa = PBXProject;
			attributes = {
				BuildIndependentTargetsInParallel = 1;
				LastSwiftUpdateCheck = 1520;
				LastUpgradeCheck = 1520;
				TargetAttributes = {
					FA176E7EAD6ED6AA8759817D = {
						CreatedOnToolsVersion = 15.2;
					};
					BD584B0226D4B8C6C6C46071 = {
						CreatedOnToolsVersion = 15.2;
						TestTargetID = FA176E7EAD6ED6AA8759817D;
					};
				};
			};
			buildConfigurationList = 344629A1E4F899A26953FBED /* Build configuration list for PBXProject "DeckBoard" */;
			compatibilityVersion = "Xcode 14.0";
			developmentRegion = en;
			hasScannedForEncodings = 0;
			knownRegions = (
				en,
				Base,
			);
			mainGroup = 5C999E731352905727541C3C;
			packageReferences = (
				235FDA8023D1ED32C01D4EFD /* XCRemoteSwiftPackageReference "KeychainAccess" */,
			);
			productRefGroup = 6D159F361021D92BC3E10E55 /* Products */;
			projectDirPath = "";
			projectRoot = "";
			targets = (
				FA176E7EAD6ED6AA8759817D /* DeckBoard */,
				BD584B0226D4B8C6C6C46071 /* DeckBoard */,
			);
		};
/* End PBXProject section */

/* Begin PBXResourcesBuildPhase section */
		1363E74374AB9928053079BC /* Resources */ = {
			isa = PBXResourcesBuildPhase;
			buildActionMask = 2147483647;
			files = (
				805B04BDAF5B4F92615786A1 /* Assets.xcassets in Resources */,
				B77FE54B08DF4EDD0CF531B9 /* Localizable.strings in Resources */,
			);
			runOnlyForDeploymentPostprocessing = 0;
		};
/* End PBXResourcesBuildPhase section */

/* Begin PBXSourcesBuildPhase section */
		0DBDD313236E80205C59E566 /* Sources */ = {
			isa = PBXSourcesBuildPhase;
			buildActionMask = 2147483647;
			files = (
				971002FE2542B2511AEE30A6 /* AppDelegate.swift in Sources */,
				1B95FD65E2F3D84C976A4FEC /* AppState.swift in Sources */,
				C88C17EF79623321D85951D1 /* DeskBoardApp.swift in Sources */,
				53F91CAE345EBCC6D65371C1 /* RootView.swift in Sources */,
				FDEE9A21BC7A542881743CB9 /* Extensions.swift in Sources */,
				BE0BC1519A98DDD96DA0F293 /* ButtonAction.swift in Sources */,
				B457EEA430E1895A3628FEF7 /* CommandMessage.swift in Sources */,
				5122928503EA7EBA38F6751A /* Dashboard.swift in Sources */,
				51295793E492B4DBEB345491 /* PairedDevice.swift in Sources */,
				63B12DAF0E95FE96335B79A3 /* SampleData.swift in Sources */,
				6B3C55C2B8237AB865E73CC0 /* CommandEncoder.swift in Sources */,
				D7A3333F7EC673052F4F18C1 /* PeerSession.swift in Sources */,
				579C18B3182A4AF513FF746F /* DashboardStore.swift in Sources */,
				30422F0AD58187A2DCA03501 /* TrustedDeviceStore.swift in Sources */,
				C409AC630DF0F34D3533D02D /* AppConfiguration.swift in Sources */,
				ED2BB1B71606515670F5B300 /* HapticManager.swift in Sources */,
				377F2115680B9E94B7DD6891 /* OnboardingView.swift in Sources */,
				F2E8331851FB2AF32E276771 /* RoleSelectionView.swift in Sources */,
				B360904E7185F5BE320561D9 /* PairingViewModel.swift in Sources */,
				0786EEDC98018626E9B07EF3 /* NearbyDevicesView.swift in Sources */,
				D8AC1B1A1DC951A2C8AAFF52 /* PairingView.swift in Sources */,
				0ED3391B3B79DEA928ECE787 /* QRCodePairingView.swift in Sources */,
				0E780C4AB51536B5AE77CEE3 /* ReceiverViewModel.swift in Sources */,
				66B6104E854FD6EEA3D94024 /* IncomingCommandView.swift in Sources */,
				C0A0B4873C291E75C1DC8B3D /* ReceiverView.swift in Sources */,
				9ADC354237D49DCF3F0B077C /* ButtonEditorViewModel.swift in Sources */,
				FCA657347604828E2E2BDB0D /* SenderViewModel.swift in Sources */,
				97A17C5D56248B8EB46016F9 /* ButtonEditorView.swift in Sources */,
				B17C2E18B1F13EF458FE39EC /* DashboardGridView.swift in Sources */,
				AA0266210DEBDDD8E421C887 /* DeskButtonView.swift in Sources */,
				D0C4EDF251ECE1149D76DE1D /* PagePickerView.swift in Sources */,
				C5FEE63A974D3CB911D90435 /* SenderView.swift in Sources */,
				D4C3943D4BFD2DA9135842B1 /* SettingsViewModel.swift in Sources */,
				57D5D4CB308E76D6F3672BCE /* SettingsView.swift in Sources */,
			);
			runOnlyForDeploymentPostprocessing = 0;
		};
		13B7451FC8A4D1526B49E800 /* Sources */ = {
			isa = PBXSourcesBuildPhase;
			buildActionMask = 2147483647;
			files = (
				D0D640C8D9FA0F22C7FCA688 /* ButtonActionTests.swift in Sources */,
				BC68B8C4877A4A33AF42A5AA /* CommandMessageTests.swift in Sources */,
				7A105EB1B59C1796ECC6FF7D /* DashboardModelTests.swift in Sources */,
			);
			runOnlyForDeploymentPostprocessing = 0;
		};
/* End PBXSourcesBuildPhase section */

/* Begin PBXTargetDependency section */
		773629CA57E64B8ECC613E6A /* PBXTargetDependency */ = {
			isa = PBXTargetDependency;
			target = FA176E7EAD6ED6AA8759817D /* DeckBoard */;
			targetProxy = 9C7709EBEA293E4CDCF0BD82 /* PBXContainerItemProxy */;
		};
/* End PBXTargetDependency section */

/* Begin XCBuildConfiguration section */
		10D7CCE47DE6580AB96D1F39 /* Debug */ = {
			isa = XCBuildConfiguration;
			buildSettings = {
				ASSETCATALOG_COMPILER_APPICON_NAME = AppIcon;
				ASSETCATALOG_COMPILER_GLOBAL_ACCENT_COLOR_NAME = AccentColor;
				CODE_SIGN_ENTITLEMENTS = Sources/DeskBoard/App/DeskBoard.entitlements;
				CODE_SIGN_IDENTITY = "iPhone Developer";
				CODE_SIGN_STYLE = Manual;
				DEVELOPMENT_TEAM = "$(DEVELOPMENT_TEAM)";
				INFOPLIST_FILE = Resources/Info.plist;
				IPHONEOS_DEPLOYMENT_TARGET = 16.0;
				PRODUCT_BUNDLE_IDENTIFIER = com.deskboard.app;
				PRODUCT_NAME = "$(TARGET_NAME)";
				PROVISIONING_PROFILE_SPECIFIER = "$(PROVISIONING_PROFILE_SPECIFIER)";
				SDKROOT = iphoneos;
				SUPPORTED_PLATFORMS = "iphoneos iphonesimulator";
				SWIFT_ACTIVE_COMPILATION_CONDITIONS = DEBUG;
				SWIFT_OPTIMIZATION_LEVEL = "-Onone";
				SWIFT_VERSION = 5.9;
				TARGETED_DEVICE_FAMILY = "1,2";
			};
			name = Debug;
		};
		8D0504ABCA41C0D72C21C6AB /* Debug */ = {
			isa = XCBuildConfiguration;
			buildSettings = {
				BUNDLE_LOADER = "$(TEST_HOST)";
				CODE_SIGN_STYLE = Automatic;
				IPHONEOS_DEPLOYMENT_TARGET = 16.0;
				PRODUCT_BUNDLE_IDENTIFIER = com.deskboard.tests;
				PRODUCT_NAME = "$(TARGET_NAME)";
				SDKROOT = iphoneos;
				SUPPORTED_PLATFORMS = "iphoneos iphonesimulator";
				SWIFT_VERSION = 5.9;
				TARGETED_DEVICE_FAMILY = "1,2";
				TEST_HOST = "$(BUILT_PRODUCTS_DIR)/DeckBoard.app/$(BUNDLE_EXECUTABLE_FOLDER_PATH)/DeckBoard";
			isa = XCBuildConfiguration;
			buildSettings = {
				ALWAYS_SEARCH_USER_PATHS = NO;
				CLANG_ANALYZER_NONNULL = YES;
				CLANG_ANALYZER_NUMBER_OBJECT_CONVERSION = YES_AGGRESSIVE;
				CLANG_CXX_LANGUAGE_STANDARD = "gnu++17";
				CLANG_ENABLE_MODULE_DEBUGGING = NO;
				CLANG_ENABLE_OBJC_ARC = YES;
				CLANG_ENABLE_OBJC_WEAK = YES;
				CLANG_WARN_BLOCK_CAPTURE_AUTORELEASING = YES;
				CLANG_WARN_BOOL_CONVERSION = YES;
				CLANG_WARN_COMMA = YES;
				CLANG_WARN_CONSTANT_CONVERSION = YES;
				CLANG_WARN_DEPRECATED_OBJC_IMPLEMENTATIONS = YES;
				CLANG_WARN_DIRECT_OBJC_ISA_USAGE = YES_ERROR;
				CLANG_WARN_DOCUMENTATION_COMMENTS = YES;
				CLANG_WARN_EMPTY_BODY = YES;
				CLANG_WARN_ENUM_CONVERSION = YES;
				CLANG_WARN_INFINITE_RECURSION = YES;
				CLANG_WARN_INT_CONVERSION = YES;
				CLANG_WARN_NON_LITERAL_NULL_CONVERSION = YES;
				CLANG_WARN_OBJC_IMPLICIT_RETAIN_SELF = YES;
				CLANG_WARN_OBJC_LITERAL_CONVERSION = YES;
				CLANG_WARN_OBJC_ROOT_CLASS = YES_ERROR;
				CLANG_WARN_QUOTED_INCLUDE_IN_FRAMEWORK_HEADER = YES;
				CLANG_WARN_RANGE_LOOP_ANALYSIS = YES;
				CLANG_WARN_STRICT_PROTOTYPES = YES;
				CLANG_WARN_SUSPICIOUS_MOVE = YES;
				CLANG_WARN_UNGUARDED_AVAILABILITY = YES_AGGRESSIVE;
				CLANG_WARN_UNREACHABLE_CODE = YES;
				CLANG_WARN__DUPLICATE_METHOD_MATCH = YES;
				COPY_PHASE_STRIP = NO;
				DEBUG_INFORMATION_FORMAT = "dwarf-with-dsym";
				ENABLE_BITCODE = NO;
				ENABLE_STRICT_OBJC_MSGSEND = YES;
				ENABLE_TESTABILITY = YES;
				GCC_C_LANGUAGE_STANDARD = gnu11;
				GCC_DYNAMIC_NO_PIC = NO;
				GCC_NO_COMMON_BLOCKS = YES;
				GCC_OPTIMIZATION_LEVEL = 0;
				GCC_PREPROCESSOR_DEFINITIONS = (
					"DEBUG=1",
					"$(inherited)",
				);
				GCC_WARN_64_TO_32_BIT_CONVERSION = YES;
				GCC_WARN_ABOUT_RETURN_TYPE = YES_ERROR;
				GCC_WARN_UNDECLARED_SELECTOR = YES;
				GCC_WARN_UNINITIALIZED_AUTOS = YES_AGGRESSIVE;
				GCC_WARN_UNUSED_FUNCTION = YES;
				GCC_WARN_UNUSED_VARIABLE = YES;
				IPHONEOS_DEPLOYMENT_TARGET = 16.0;
				MTL_ENABLE_DEBUG_INFO = INCLUDE_SOURCE;
				MTL_FAST_MATH = YES;
				ONLY_ACTIVE_ARCH = YES;
				SDKROOT = iphoneos;
				SUPPORTED_PLATFORMS = "iphoneos iphonesimulator";
				SWIFT_ACTIVE_COMPILATION_CONDITIONS = DEBUG;
				SWIFT_OPTIMIZATION_LEVEL = "-Onone";
				SWIFT_STRICT_CONCURRENCY = complete;
				SWIFT_VERSION = 5.9;
			};
			name = Debug;
		};
		A8E826AB7C050BD3EEF146FC /* Release */ = {
			isa = XCBuildConfiguration;
			buildSettings = {
				ASSETCATALOG_COMPILER_APPICON_NAME = AppIcon;
				ASSETCATALOG_COMPILER_GLOBAL_ACCENT_COLOR_NAME = AccentColor;
				CODE_SIGN_ENTITLEMENTS = Sources/DeskBoard/App/DeskBoard.entitlements;
				CODE_SIGN_IDENTITY = "iPhone Distribution";
				CODE_SIGN_STYLE = Manual;
				DEVELOPMENT_TEAM = "$(DEVELOPMENT_TEAM)";
				INFOPLIST_FILE = Resources/Info.plist;
				IPHONEOS_DEPLOYMENT_TARGET = 16.0;
				PRODUCT_BUNDLE_IDENTIFIER = com.deskboard.app;
				PRODUCT_NAME = "$(TARGET_NAME)";
				PROVISIONING_PROFILE_SPECIFIER = "$(PROVISIONING_PROFILE_SPECIFIER)";
				SDKROOT = iphoneos;
				SUPPORTED_PLATFORMS = "iphoneos iphonesimulator";
				SWIFT_OPTIMIZATION_LEVEL = "-Osize";
				SWIFT_VERSION = 5.9;
				TARGETED_DEVICE_FAMILY = "1,2";
				VALIDATE_PRODUCT = YES;
			};
			name = Release;
		};
		ADAA08534D22EE89176E52D4 /* Release */ = {
			isa = XCBuildConfiguration;
			buildSettings = {
				ALWAYS_SEARCH_USER_PATHS = NO;
				CLANG_ANALYZER_NONNULL = YES;
				CLANG_ANALYZER_NUMBER_OBJECT_CONVERSION = YES_AGGRESSIVE;
				CLANG_CXX_LANGUAGE_STANDARD = "gnu++17";
				CLANG_ENABLE_MODULE_DEBUGGING = NO;
				CLANG_ENABLE_OBJC_ARC = YES;
				CLANG_ENABLE_OBJC_WEAK = YES;
				CLANG_WARN_BLOCK_CAPTURE_AUTORELEASING = YES;
				CLANG_WARN_BOOL_CONVERSION = YES;
				CLANG_WARN_COMMA = YES;
				CLANG_WARN_CONSTANT_CONVERSION = YES;
				CLANG_WARN_DEPRECATED_OBJC_IMPLEMENTATIONS = YES;
				CLANG_WARN_DIRECT_OBJC_ISA_USAGE = YES_ERROR;
				CLANG_WARN_DOCUMENTATION_COMMENTS = YES;
				CLANG_WARN_EMPTY_BODY = YES;
				CLANG_WARN_ENUM_CONVERSION = YES;
				CLANG_WARN_INFINITE_RECURSION = YES;
				CLANG_WARN_INT_CONVERSION = YES;
				CLANG_WARN_NON_LITERAL_NULL_CONVERSION = YES;
				CLANG_WARN_OBJC_IMPLICIT_RETAIN_SELF = YES;
				CLANG_WARN_OBJC_LITERAL_CONVERSION = YES;
				CLANG_WARN_OBJC_ROOT_CLASS = YES_ERROR;
				CLANG_WARN_QUOTED_INCLUDE_IN_FRAMEWORK_HEADER = YES;
				CLANG_WARN_RANGE_LOOP_ANALYSIS = YES;
				CLANG_WARN_STRICT_PROTOTYPES = YES;
				CLANG_WARN_SUSPICIOUS_MOVE = YES;
				CLANG_WARN_UNGUARDED_AVAILABILITY = YES_AGGRESSIVE;
				CLANG_WARN_UNREACHABLE_CODE = YES;
				CLANG_WARN__DUPLICATE_METHOD_MATCH = YES;
				COPY_PHASE_STRIP = NO;
				DEBUG_INFORMATION_FORMAT = "dwarf-with-dsym";
				ENABLE_BITCODE = NO;
				ENABLE_NS_ASSERTIONS = NO;
				ENABLE_STRICT_OBJC_MSGSEND = YES;
				GCC_C_LANGUAGE_STANDARD = gnu11;
				GCC_NO_COMMON_BLOCKS = YES;
				GCC_WARN_64_TO_32_BIT_CONVERSION = YES;
				GCC_WARN_ABOUT_RETURN_TYPE = YES_ERROR;
				GCC_WARN_UNDECLARED_SELECTOR = YES;
				GCC_WARN_UNINITIALIZED_AUTOS = YES_AGGRESSIVE;
				GCC_WARN_UNUSED_FUNCTION = YES;
				GCC_WARN_UNUSED_VARIABLE = YES;
				IPHONEOS_DEPLOYMENT_TARGET = 16.0;
				MTL_ENABLE_DEBUG_INFO = NO;
				MTL_FAST_MATH = YES;
				SDKROOT = iphoneos;
				SUPPORTED_PLATFORMS = "iphoneos iphonesimulator";
				SWIFT_COMPILATION_MODE = wholemodule;
				SWIFT_OPTIMIZATION_LEVEL = "-Osize";
				SWIFT_STRICT_CONCURRENCY = complete;
				SWIFT_VERSION = 5.9;
				VALIDATE_PRODUCT = YES;
			};
			name = Release;
		};
		AE902B88DC9ED7EA360CC29A /* Release */ = {
			isa = XCBuildConfiguration;
			buildSettings = {
				BUNDLE_LOADER = "$(TEST_HOST)";
				CODE_SIGN_STYLE = Automatic;
				IPHONEOS_DEPLOYMENT_TARGET = 16.0;
				PRODUCT_BUNDLE_IDENTIFIER = com.deskboard.tests;
				PRODUCT_NAME = "$(TARGET_NAME)";
				SDKROOT = iphoneos;
				SUPPORTED_PLATFORMS = "iphoneos iphonesimulator";
				SWIFT_VERSION = 5.9;
				TARGETED_DEVICE_FAMILY = "1,2";
				TEST_HOST = "$(BUILT_PRODUCTS_DIR)/DeckBoard.app/$(BUNDLE_EXECUTABLE_FOLDER_PATH)/DeckBoard";
			};
			name = Release;
		};
/* End XCBuildConfiguration section */

/* Begin XCConfigurationList section */
		344629A1E4F899A26953FBED /* Build configuration list for PBXProject "DeckBoard" */ = {
			isa = XCConfigurationList;
			buildConfigurations = (
				8E912CB112CF4852129396DF /* Debug */,
				ADAA08534D22EE89176E52D4 /* Release */,
			);
			defaultConfigurationIsVisible = 0;
			defaultConfigurationName = Release;
		};
		545CD3DA43A5A0865BCB5F30 /* Build configuration list for PBXNativeTarget "DeckBoard" */ = {
			isa = XCConfigurationList;
			buildConfigurations = (
				8D0504ABCA41C0D72C21C6AB /* Debug */,
				AE902B88DC9ED7EA360CC29A /* Release */,
			);
			defaultConfigurationIsVisible = 0;
			defaultConfigurationName = Release;
		};
		6B210DD1C3B572803298B3FB /* Build configuration list for PBXNativeTarget "DeckBoard" */ = {
			isa = XCConfigurationList;
			buildConfigurations = (
				10D7CCE47DE6580AB96D1F39 /* Debug */,
				A8E826AB7C050BD3EEF146FC /* Release */,
			);
			defaultConfigurationIsVisible = 0;
			defaultConfigurationName = Release;
		};
/* End XCConfigurationList section */

/* Begin XCRemoteSwiftPackageReference section */
		235FDA8023D1ED32C01D4EFD /* XCRemoteSwiftPackageReference "KeychainAccess" */ = {
			isa = XCRemoteSwiftPackageReference;
			repositoryURL = https://github.com/kishikawakatsumi/KeychainAccess;
			requirement = {
				kind = upToNextMajorVersion;
				minimumVersion = 4.2.2;
			};
		};
/* End XCRemoteSwiftPackageReference section */

/* Begin XCSwiftPackageProductDependency section */
		FA62032B53C5A40235EFAAA7 /* KeychainAccess */ = {
			isa = XCSwiftPackageProductDependency;
			package = 235FDA8023D1ED32C01D4EFD /* XCRemoteSwiftPackageReference "KeychainAccess" */;
			productName = KeychainAccess;
		};
/* End XCSwiftPackageProductDependency section */
	};
	rootObject = 379FC34FC4492C9416ADF88F /* Project object */;
}
