// !$*UTF8*$!
{
	archiveVersion = 1;
	classes = {
	};
	objectVersion = 77;
	objects = {

/* Begin PBXBuildFile section */
		038893A8A49234934A58CDCB /* MediaControlService.swift in Sources */ = {isa = PBXBuildFile; fileRef = F3E7B462F833C22CC81EE7D1 /* MediaControlService.swift */; };
		1084FAC4F95A3F8684FE98D2 /* RootView.swift in Sources */ = {isa = PBXBuildFile; fileRef = BB8B46C2DF460D2E35BD545C /* RootView.swift */; };
		1207FE1BB5AC2BF341B5593A /* DeskBoardControlWidgetBundle.swift in Sources */ = {isa = PBXBuildFile; fileRef = D62589EF7002C2A00734FF7F /* DeskBoardControlWidgetBundle.swift */; };
		15085774CCF00862CAA2FE69 /* KeychainAccess in Frameworks */ = {isa = PBXBuildFile; productRef = E002A82D44BA31CF6758FD5E /* KeychainAccess */; };
		160033287F93FD25ECEB06C9 /* RoleSelectionView.swift in Sources */ = {isa = PBXBuildFile; fileRef = E917D7DF095017B455B5B47D /* RoleSelectionView.swift */; };
		1D750A9F1382A2F632105CA1 /* NearbyDevicesView.swift in Sources */ = {isa = PBXBuildFile; fileRef = C1AFC241122CF1DD5DD37590 /* NearbyDevicesView.swift */; };
		1D8C19F14D99EFD2CEE11ACA /* ButtonEditorView.swift in Sources */ = {isa = PBXBuildFile; fileRef = 929D3271C20652BC7C966B50 /* ButtonEditorView.swift */; };
		2906853240DA27384452F534 /* HTTPActionService.swift in Sources */ = {isa = PBXBuildFile; fileRef = A711818E2DB8F4B710EDD84B /* HTTPActionService.swift */; };
		2A221EFD9E2A9EFEF9FD81B0 /* PairingViewModel.swift in Sources */ = {isa = PBXBuildFile; fileRef = D193EC327DB7955B0BFFBD4C /* PairingViewModel.swift */; };
		307324FE1975AAC3134F13D3 /* ExecutionLogStore.swift in Sources */ = {isa = PBXBuildFile; fileRef = 7B8D28940C5867E1D21E0D0A /* ExecutionLogStore.swift */; };
		31AC47CFCFABC66581A8856A /* Dashboard.swift in Sources */ = {isa = PBXBuildFile; fileRef = DB6B68D62474E21484E064BD /* Dashboard.swift */; };
		3B4BCFD1C304D338BEF9F014 /* AppConfiguration.swift in Sources */ = {isa = PBXBuildFile; fileRef = E8ABCB80880E8496EE3E87AB /* AppConfiguration.swift */; };
		45D7EB924E436500A7496417 /* QRCodePairingView.swift in Sources */ = {isa = PBXBuildFile; fileRef = A112B873EBB995E818783F71 /* QRCodePairingView.swift */; };
		4A8C2BD5769E2A7D0FDB308D /* SettingsViewModel.swift in Sources */ = {isa = PBXBuildFile; fileRef = 94F75B5D7F620A56B503A314 /* SettingsViewModel.swift */; };
		511BD28D0E37503A7A951959 /* CommandMessageTests.swift in Sources */ = {isa = PBXBuildFile; fileRef = AC300AF9757CF2E35F29479F /* CommandMessageTests.swift */; };
		518C3346217752D23FF8AEB2 /* ExecutionPolicies.swift in Sources */ = {isa = PBXBuildFile; fileRef = 70EE7F2CDE9D90AD430C6237 /* ExecutionPolicies.swift */; };
		57DBB81EE5D579AB16C41ABA /* SampleData.swift in Sources */ = {isa = PBXBuildFile; fileRef = C96CB514AC0BA5B2F7C4F67E /* SampleData.swift */; };
		61B58F9735FE58844BCEA895 /* DashboardGridView.swift in Sources */ = {isa = PBXBuildFile; fileRef = D75EA962BB841FC5E1490454 /* DashboardGridView.swift */; };
		62352EC91A20D1E58DE46C06 /* BackupFormat.swift in Sources */ = {isa = PBXBuildFile; fileRef = 1AC399DD0B1B144BA26D68EC /* BackupFormat.swift */; };
		6256540936F46E10527725B6 /* TrustedDeviceStore.swift in Sources */ = {isa = PBXBuildFile; fileRef = 3DDBB72D105D2E9FEDB1BA32 /* TrustedDeviceStore.swift */; };
		64C1809710615965B3F9684F /* SenderViewModel.swift in Sources */ = {isa = PBXBuildFile; fileRef = 918DB032E1CFBBE89AB333CB /* SenderViewModel.swift */; };
		68367FECE604C5432AD32179 /* ButtonState.swift in Sources */ = {isa = PBXBuildFile; fileRef = E16C86FBEAA80ABF01B09C90 /* ButtonState.swift */; };
		69ADE2DBB4900BFD6B222594 /* ReceiverView.swift in Sources */ = {isa = PBXBuildFile; fileRef = 985A37298E99CD647B8ACC10 /* ReceiverView.swift */; };
		69FD704FEE19846CFE6496CF /* PairedDevice.swift in Sources */ = {isa = PBXBuildFile; fileRef = D2EBE2BC8A348CC42F761117 /* PairedDevice.swift */; };
		6D187F18ECAAE82D51D499DE /* BackupService.swift in Sources */ = {isa = PBXBuildFile; fileRef = 755B462B261DFF0D6D5F3FB1 /* BackupService.swift */; };
		6DB3D28D4F29F32F34E0F9D2 /* DeskBoardIntents.swift in Sources */ = {isa = PBXBuildFile; fileRef = 8AA2F0E09ED693B4CD1B2042 /* DeskBoardIntents.swift */; };
		6E63C93BD8A124C418688908 /* ReceiverViewModel.swift in Sources */ = {isa = PBXBuildFile; fileRef = 72F57A454D610ACA08696CA3 /* ReceiverViewModel.swift */; };
		7155129BAE31C63C61B140E1 /* ExecutionRouter.swift in Sources */ = {isa = PBXBuildFile; fileRef = 19E4AB6DB62BA49725531E72 /* ExecutionRouter.swift */; };
		79B80190FB7353C034F24C75 /* PagePickerView.swift in Sources */ = {isa = PBXBuildFile; fileRef = CECDCFAF4593ABA6E4C82EE7 /* PagePickerView.swift */; };
		7DCCE1DF58706FC8B91472CA /* HapticManager.swift in Sources */ = {isa = PBXBuildFile; fileRef = 8BCDB1E2E9372A04739FEBAA /* HapticManager.swift */; };
		7F55DDEF6D16103C2B45A4B9 /* ActionEngine.swift in Sources */ = {isa = PBXBuildFile; fileRef = AEA3DEDA61429A208D8C1897 /* ActionEngine.swift */; };
		803BAC28CE442DD5FBF63CC3 /* ActionPayload.swift in Sources */ = {isa = PBXBuildFile; fileRef = 76B606D23F8E79ED06B02C95 /* ActionPayload.swift */; };
		81F9DFCEEAA3394E65EC19B1 /* Extensions.swift in Sources */ = {isa = PBXBuildFile; fileRef = E6E45C5897E702473ACB4C8D /* Extensions.swift */; };
		85BC506AB76E873BB83FC61E /* DeskBoardControlCenterWidgets.swift in Sources */ = {isa = PBXBuildFile; fileRef = 11A5B18A2F35BB65F59DECA8 /* DeskBoardControlCenterWidgets.swift */; };
		8637FE17E8E5DF33AAF50453 /* ButtonActionTests.swift in Sources */ = {isa = PBXBuildFile; fileRef = 29379A2600DAD046CB33CA62 /* ButtonActionTests.swift */; };
		89438BF872947251193A2832 /* OnboardingView.swift in Sources */ = {isa = PBXBuildFile; fileRef = 694C09EE73BB00D1E7AA38C9 /* OnboardingView.swift */; };
		903CE5032B5CE49533BC8CC8 /* VolumeKnobView.swift in Sources */ = {isa = PBXBuildFile; fileRef = D60183CE1720A00C40C9197C /* VolumeKnobView.swift */; };
		9635191CDA121D04026A701A /* DeskBoardControls.appex in Embed Foundation Extensions */ = {isa = PBXBuildFile; fileRef = 2DE8DB63B48ACDC9CFD7BEC9 /* DeskBoardControls.appex */; settings = {ATTRIBUTES = (RemoveHeadersOnCopy, ); }; };
		A3AE0E62CC6A2C1C4F1D01F0 /* IntentControlsView.swift in Sources */ = {isa = PBXBuildFile; fileRef = 6CBE0EE83023CE06DBE3B2E9 /* IntentControlsView.swift */; };
		A68A39451E3DDC6814DD3F2A /* DeskBoardQuickActionsWidget.swift in Sources */ = {isa = PBXBuildFile; fileRef = E43BB638A9FE1E4B05B2A680 /* DeskBoardQuickActionsWidget.swift */; };
		B6668640A482AC6742B427B1 /* ButtonEditorViewModel.swift in Sources */ = {isa = PBXBuildFile; fileRef = 2F2D5C3FDDC8E31C043891FD /* ButtonEditorViewModel.swift */; };
		B709320F900DB3D874CF6121 /* FullscreenDeckView.swift in Sources */ = {isa = PBXBuildFile; fileRef = 3BAA19941D3026DCAA54EC94 /* FullscreenDeckView.swift */; };
		BD9917C46DF828B815B84E0C /* DeskBoardIntents.swift in Sources */ = {isa = PBXBuildFile; fileRef = 8AA2F0E09ED693B4CD1B2042 /* DeskBoardIntents.swift */; };
		C5388FE63A025972A09C52CD /* DiagnosticsView.swift in Sources */ = {isa = PBXBuildFile; fileRef = 9EDF287A9F85F2E505B0E5FB /* DiagnosticsView.swift */; };
		C7ACE3C4650E56A27474284C /* SettingsView.swift in Sources */ = {isa = PBXBuildFile; fileRef = AEE8DF0CBABB87977F0059F8 /* SettingsView.swift */; };
		CA525B5C3EC56CCE398B2650 /* ButtonAction.swift in Sources */ = {isa = PBXBuildFile; fileRef = 0FB650998C6A688CFDEA00D7 /* ButtonAction.swift */; };
		D37D41FC3A42F61E69E932F5 /* SenderView.swift in Sources */ = {isa = PBXBuildFile; fileRef = 0C796FC91C49753D83F08524 /* SenderView.swift */; };
		D56693CBCEF6615A7307DC18 /* MultipeerConnectivity.framework in Frameworks */ = {isa = PBXBuildFile; fileRef = 27435979ECB90C117531A035 /* MultipeerConnectivity.framework */; };
		D6AEF20808B169F172D80AA3 /* DashboardModelTests.swift in Sources */ = {isa = PBXBuildFile; fileRef = 17CCEF3B3488D0D17EC0FAB7 /* DashboardModelTests.swift */; };
		D8C1DEC8932EB730D98A6A49 /* IncomingCommandView.swift in Sources */ = {isa = PBXBuildFile; fileRef = 2D8CA8351E9F423A5B17F661 /* IncomingCommandView.swift */; };
		D99897FB4976C74D50D2FF6C /* DeskBoardApp.swift in Sources */ = {isa = PBXBuildFile; fileRef = 46CAE8A06C795AFDD73CC38A /* DeskBoardApp.swift */; };
		DA789FBB07F98DAB954FFB2C /* PeerSession.swift in Sources */ = {isa = PBXBuildFile; fileRef = C82EF06B4631D3B76586D13A /* PeerSession.swift */; };
		DB33E8DD5C2D02784400B725 /* CommandMessage.swift in Sources */ = {isa = PBXBuildFile; fileRef = 1031EF7D369C44C4E1956153 /* CommandMessage.swift */; };
		DBB6F138B7446C3D641A6902 /* AppCatalog.swift in Sources */ = {isa = PBXBuildFile; fileRef = 01632B24A306ADB81C658160 /* AppCatalog.swift */; };
		E6D4B811E3C413953D5AA613 /* DashboardStore.swift in Sources */ = {isa = PBXBuildFile; fileRef = 7CACBF719129B512794D3086 /* DashboardStore.swift */; };
		E7D104A1219A90EC30084314 /* AppState.swift in Sources */ = {isa = PBXBuildFile; fileRef = E4F3DCEAFC3512088E031018 /* AppState.swift */; };
		EFA90CF0F141E7A5A699FF3A /* DeskButtonView.swift in Sources */ = {isa = PBXBuildFile; fileRef = C7F70320B0003C77771CEE5D /* DeskButtonView.swift */; };
		F2ED350861EECBEDF2E4FFBB /* CommandEncoder.swift in Sources */ = {isa = PBXBuildFile; fileRef = 0EE996094FFA7DC7E33FE3EC /* CommandEncoder.swift */; };
		F4C4D40AA41F67D07A242323 /* AppDelegate.swift in Sources */ = {isa = PBXBuildFile; fileRef = 2CA53F9C328D42DAAC8AB856 /* AppDelegate.swift */; };
		F75CCA34A58E796F447DD470 /* ExecutionLogView.swift in Sources */ = {isa = PBXBuildFile; fileRef = 06507842F60C96922170EB84 /* ExecutionLogView.swift */; };
		FB509D1CB17FEFBEE491FD63 /* PairingView.swift in Sources */ = {isa = PBXBuildFile; fileRef = BA3199860E97800705FEE4E8 /* PairingView.swift */; };
		FE9618993A72FA070D3FF6E0 /* ExecutionLog.swift in Sources */ = {isa = PBXBuildFile; fileRef = 866D0F6562BF99D770ECFF7B /* ExecutionLog.swift */; };
/* End PBXBuildFile section */

/* Begin PBXContainerItemProxy section */
		A63992EB5451F3FEADC875F6 /* PBXContainerItemProxy */ = {
			isa = PBXContainerItemProxy;
			containerPortal = 8454F5BADAE8EDABF0519294 /* Project object */;
			proxyType = 1;
			remoteGlobalIDString = FC41A67A39A771896EB98558;
			remoteInfo = DeskBoardControls;
		};
		D8ACFCB8407D87A7E2FDB63F /* PBXContainerItemProxy */ = {
			isa = PBXContainerItemProxy;
			containerPortal = 8454F5BADAE8EDABF0519294 /* Project object */;
			proxyType = 1;
			remoteGlobalIDString = 75B3C42D566A7ED15CED5851;
			remoteInfo = DeskBoard;
		};
/* End PBXContainerItemProxy section */

/* Begin PBXCopyFilesBuildPhase section */
		F5A34446CCC569B727A2BC48 /* Embed Foundation Extensions */ = {
			isa = PBXCopyFilesBuildPhase;
			buildActionMask = 2147483647;
			dstPath = "";
			dstSubfolderSpec = 13;
			files = (
				9635191CDA121D04026A701A /* DeskBoardControls.appex in Embed Foundation Extensions */,
			);
			name = "Embed Foundation Extensions";
			runOnlyForDeploymentPostprocessing = 0;
		};
/* End PBXCopyFilesBuildPhase section */

/* Begin PBXFileReference section */
		01632B24A306ADB81C658160 /* AppCatalog.swift */ = {isa = PBXFileReference; lastKnownFileType = sourcecode.swift; path = AppCatalog.swift; sourceTree = "<group>"; };
		06507842F60C96922170EB84 /* ExecutionLogView.swift */ = {isa = PBXFileReference; lastKnownFileType = sourcecode.swift; path = ExecutionLogView.swift; sourceTree = "<group>"; };
		0C796FC91C49753D83F08524 /* SenderView.swift */ = {isa = PBXFileReference; lastKnownFileType = sourcecode.swift; path = SenderView.swift; sourceTree = "<group>"; };
		0EE996094FFA7DC7E33FE3EC /* CommandEncoder.swift */ = {isa = PBXFileReference; lastKnownFileType = sourcecode.swift; path = CommandEncoder.swift; sourceTree = "<group>"; };
		0FB650998C6A688CFDEA00D7 /* ButtonAction.swift */ = {isa = PBXFileReference; lastKnownFileType = sourcecode.swift; path = ButtonAction.swift; sourceTree = "<group>"; };
		1031EF7D369C44C4E1956153 /* CommandMessage.swift */ = {isa = PBXFileReference; lastKnownFileType = sourcecode.swift; path = CommandMessage.swift; sourceTree = "<group>"; };
		11A5B18A2F35BB65F59DECA8 /* DeskBoardControlCenterWidgets.swift */ = {isa = PBXFileReference; lastKnownFileType = sourcecode.swift; path = DeskBoardControlCenterWidgets.swift; sourceTree = "<group>"; };
		17CCEF3B3488D0D17EC0FAB7 /* DashboardModelTests.swift */ = {isa = PBXFileReference; lastKnownFileType = sourcecode.swift; path = DashboardModelTests.swift; sourceTree = "<group>"; };
		19E4AB6DB62BA49725531E72 /* ExecutionRouter.swift */ = {isa = PBXFileReference; lastKnownFileType = sourcecode.swift; path = ExecutionRouter.swift; sourceTree = "<group>"; };
		1AC399DD0B1B144BA26D68EC /* BackupFormat.swift */ = {isa = PBXFileReference; lastKnownFileType = sourcecode.swift; path = BackupFormat.swift; sourceTree = "<group>"; };
		27435979ECB90C117531A035 /* MultipeerConnectivity.framework */ = {isa = PBXFileReference; lastKnownFileType = wrapper.framework; name = MultipeerConnectivity.framework; path = System/Library/Frameworks/MultipeerConnectivity.framework; sourceTree = SDKROOT; };
		29379A2600DAD046CB33CA62 /* ButtonActionTests.swift */ = {isa = PBXFileReference; lastKnownFileType = sourcecode.swift; path = ButtonActionTests.swift; sourceTree = "<group>"; };
		2CA53F9C328D42DAAC8AB856 /* AppDelegate.swift */ = {isa = PBXFileReference; lastKnownFileType = sourcecode.swift; path = AppDelegate.swift; sourceTree = "<group>"; };
		2D8CA8351E9F423A5B17F661 /* IncomingCommandView.swift */ = {isa = PBXFileReference; lastKnownFileType = sourcecode.swift; path = IncomingCommandView.swift; sourceTree = "<group>"; };
		2DE8DB63B48ACDC9CFD7BEC9 /* DeskBoardControls.appex */ = {isa = PBXFileReference; includeInIndex = 0; lastKnownFileType = "wrapper.app-extension"; path = DeskBoardControls.appex; sourceTree = BUILT_PRODUCTS_DIR; };
		2F2D5C3FDDC8E31C043891FD /* ButtonEditorViewModel.swift */ = {isa = PBXFileReference; lastKnownFileType = sourcecode.swift; path = ButtonEditorViewModel.swift; sourceTree = "<group>"; };
		3BAA19941D3026DCAA54EC94 /* FullscreenDeckView.swift */ = {isa = PBXFileReference; lastKnownFileType = sourcecode.swift; path = FullscreenDeckView.swift; sourceTree = "<group>"; };
		3DDBB72D105D2E9FEDB1BA32 /* TrustedDeviceStore.swift */ = {isa = PBXFileReference; lastKnownFileType = sourcecode.swift; path = TrustedDeviceStore.swift; sourceTree = "<group>"; };
		46CAE8A06C795AFDD73CC38A /* DeskBoardApp.swift */ = {isa = PBXFileReference; lastKnownFileType = sourcecode.swift; path = DeskBoardApp.swift; sourceTree = "<group>"; };
		694C09EE73BB00D1E7AA38C9 /* OnboardingView.swift */ = {isa = PBXFileReference; lastKnownFileType = sourcecode.swift; path = OnboardingView.swift; sourceTree = "<group>"; };
		69B3F407D05332EF85FC3A82 /* DeskBoard.app */ = {isa = PBXFileReference; includeInIndex = 0; lastKnownFileType = wrapper.application; path = DeskBoard.app; sourceTree = BUILT_PRODUCTS_DIR; };
		6CBE0EE83023CE06DBE3B2E9 /* IntentControlsView.swift */ = {isa = PBXFileReference; lastKnownFileType = sourcecode.swift; path = IntentControlsView.swift; sourceTree = "<group>"; };
		70EE7F2CDE9D90AD430C6237 /* ExecutionPolicies.swift */ = {isa = PBXFileReference; lastKnownFileType = sourcecode.swift; path = ExecutionPolicies.swift; sourceTree = "<group>"; };
		72F57A454D610ACA08696CA3 /* ReceiverViewModel.swift */ = {isa = PBXFileReference; lastKnownFileType = sourcecode.swift; path = ReceiverViewModel.swift; sourceTree = "<group>"; };
		755B462B261DFF0D6D5F3FB1 /* BackupService.swift */ = {isa = PBXFileReference; lastKnownFileType = sourcecode.swift; path = BackupService.swift; sourceTree = "<group>"; };
		76B606D23F8E79ED06B02C95 /* ActionPayload.swift */ = {isa = PBXFileReference; lastKnownFileType = sourcecode.swift; path = ActionPayload.swift; sourceTree = "<group>"; };
		7B8D28940C5867E1D21E0D0A /* ExecutionLogStore.swift */ = {isa = PBXFileReference; lastKnownFileType = sourcecode.swift; path = ExecutionLogStore.swift; sourceTree = "<group>"; };
		7CACBF719129B512794D3086 /* DashboardStore.swift */ = {isa = PBXFileReference; lastKnownFileType = sourcecode.swift; path = DashboardStore.swift; sourceTree = "<group>"; };
		7E7D9529EBB8D943C19A306B /* DeskBoardTests.xctest */ = {isa = PBXFileReference; includeInIndex = 0; lastKnownFileType = wrapper.cfbundle; path = DeskBoardTests.xctest; sourceTree = BUILT_PRODUCTS_DIR; };
		866D0F6562BF99D770ECFF7B /* ExecutionLog.swift */ = {isa = PBXFileReference; lastKnownFileType = sourcecode.swift; path = ExecutionLog.swift; sourceTree = "<group>"; };
		8AA2F0E09ED693B4CD1B2042 /* DeskBoardIntents.swift */ = {isa = PBXFileReference; lastKnownFileType = sourcecode.swift; path = DeskBoardIntents.swift; sourceTree = "<group>"; };
		8BCDB1E2E9372A04739FEBAA /* HapticManager.swift */ = {isa = PBXFileReference; lastKnownFileType = sourcecode.swift; path = HapticManager.swift; sourceTree = "<group>"; };
		918DB032E1CFBBE89AB333CB /* SenderViewModel.swift */ = {isa = PBXFileReference; lastKnownFileType = sourcecode.swift; path = SenderViewModel.swift; sourceTree = "<group>"; };
		929D3271C20652BC7C966B50 /* ButtonEditorView.swift */ = {isa = PBXFileReference; lastKnownFileType = sourcecode.swift; path = ButtonEditorView.swift; sourceTree = "<group>"; };
		94F75B5D7F620A56B503A314 /* SettingsViewModel.swift */ = {isa = PBXFileReference; lastKnownFileType = sourcecode.swift; path = SettingsViewModel.swift; sourceTree = "<group>"; };
		985A37298E99CD647B8ACC10 /* ReceiverView.swift */ = {isa = PBXFileReference; lastKnownFileType = sourcecode.swift; path = ReceiverView.swift; sourceTree = "<group>"; };
		9EDF287A9F85F2E505B0E5FB /* DiagnosticsView.swift */ = {isa = PBXFileReference; lastKnownFileType = sourcecode.swift; path = DiagnosticsView.swift; sourceTree = "<group>"; };
		A112B873EBB995E818783F71 /* QRCodePairingView.swift */ = {isa = PBXFileReference; lastKnownFileType = sourcecode.swift; path = QRCodePairingView.swift; sourceTree = "<group>"; };
		A239F023CF9DE3E8E70C8391 /* Resources */ = {isa = PBXFileReference; lastKnownFileType = folder; path = Resources; sourceTree = SOURCE_ROOT; };
		A711818E2DB8F4B710EDD84B /* HTTPActionService.swift */ = {isa = PBXFileReference; lastKnownFileType = sourcecode.swift; path = HTTPActionService.swift; sourceTree = "<group>"; };
		AC300AF9757CF2E35F29479F /* CommandMessageTests.swift */ = {isa = PBXFileReference; lastKnownFileType = sourcecode.swift; path = CommandMessageTests.swift; sourceTree = "<group>"; };
		AEA3DEDA61429A208D8C1897 /* ActionEngine.swift */ = {isa = PBXFileReference; lastKnownFileType = sourcecode.swift; path = ActionEngine.swift; sourceTree = "<group>"; };
		AEE8DF0CBABB87977F0059F8 /* SettingsView.swift */ = {isa = PBXFileReference; lastKnownFileType = sourcecode.swift; path = SettingsView.swift; sourceTree = "<group>"; };
		BA3199860E97800705FEE4E8 /* PairingView.swift */ = {isa = PBXFileReference; lastKnownFileType = sourcecode.swift; path = PairingView.swift; sourceTree = "<group>"; };
		BB8B46C2DF460D2E35BD545C /* RootView.swift */ = {isa = PBXFileReference; lastKnownFileType = sourcecode.swift; path = RootView.swift; sourceTree = "<group>"; };
		C1AFC241122CF1DD5DD37590 /* NearbyDevicesView.swift */ = {isa = PBXFileReference; lastKnownFileType = sourcecode.swift; path = NearbyDevicesView.swift; sourceTree = "<group>"; };
		C7F70320B0003C77771CEE5D /* DeskButtonView.swift */ = {isa = PBXFileReference; lastKnownFileType = sourcecode.swift; path = DeskButtonView.swift; sourceTree = "<group>"; };
		C82EF06B4631D3B76586D13A /* PeerSession.swift */ = {isa = PBXFileReference; lastKnownFileType = sourcecode.swift; path = PeerSession.swift; sourceTree = "<group>"; };
		C96CB514AC0BA5B2F7C4F67E /* SampleData.swift */ = {isa = PBXFileReference; lastKnownFileType = sourcecode.swift; path = SampleData.swift; sourceTree = "<group>"; };
		CECDCFAF4593ABA6E4C82EE7 /* PagePickerView.swift */ = {isa = PBXFileReference; lastKnownFileType = sourcecode.swift; path = PagePickerView.swift; sourceTree = "<group>"; };
		D193EC327DB7955B0BFFBD4C /* PairingViewModel.swift */ = {isa = PBXFileReference; lastKnownFileType = sourcecode.swift; path = PairingViewModel.swift; sourceTree = "<group>"; };
		D2EBE2BC8A348CC42F761117 /* PairedDevice.swift */ = {isa = PBXFileReference; lastKnownFileType = sourcecode.swift; path = PairedDevice.swift; sourceTree = "<group>"; };
		D60183CE1720A00C40C9197C /* VolumeKnobView.swift */ = {isa = PBXFileReference; lastKnownFileType = sourcecode.swift; path = VolumeKnobView.swift; sourceTree = "<group>"; };
		D62589EF7002C2A00734FF7F /* DeskBoardControlWidgetBundle.swift */ = {isa = PBXFileReference; lastKnownFileType = sourcecode.swift; path = DeskBoardControlWidgetBundle.swift; sourceTree = "<group>"; };
		D75EA962BB841FC5E1490454 /* DashboardGridView.swift */ = {isa = PBXFileReference; lastKnownFileType = sourcecode.swift; path = DashboardGridView.swift; sourceTree = "<group>"; };
		DB6B68D62474E21484E064BD /* Dashboard.swift */ = {isa = PBXFileReference; lastKnownFileType = sourcecode.swift; path = Dashboard.swift; sourceTree = "<group>"; };
		E05D2C7E468650A2153E83E7 /* DeskBoard.entitlements */ = {isa = PBXFileReference; lastKnownFileType = text.plist.entitlements; path = DeskBoard.entitlements; sourceTree = "<group>"; };
		E16C86FBEAA80ABF01B09C90 /* ButtonState.swift */ = {isa = PBXFileReference; lastKnownFileType = sourcecode.swift; path = ButtonState.swift; sourceTree = "<group>"; };
		E43BB638A9FE1E4B05B2A680 /* DeskBoardQuickActionsWidget.swift */ = {isa = PBXFileReference; lastKnownFileType = sourcecode.swift; path = DeskBoardQuickActionsWidget.swift; sourceTree = "<group>"; };
		E4F3DCEAFC3512088E031018 /* AppState.swift */ = {isa = PBXFileReference; lastKnownFileType = sourcecode.swift; path = AppState.swift; sourceTree = "<group>"; };
		E6E45C5897E702473ACB4C8D /* Extensions.swift */ = {isa = PBXFileReference; lastKnownFileType = sourcecode.swift; path = Extensions.swift; sourceTree = "<group>"; };
		E8ABCB80880E8496EE3E87AB /* AppConfiguration.swift */ = {isa = PBXFileReference; lastKnownFileType = sourcecode.swift; path = AppConfiguration.swift; sourceTree = "<group>"; };
		E917D7DF095017B455B5B47D /* RoleSelectionView.swift */ = {isa = PBXFileReference; lastKnownFileType = sourcecode.swift; path = RoleSelectionView.swift; sourceTree = "<group>"; };
		F3E7B462F833C22CC81EE7D1 /* MediaControlService.swift */ = {isa = PBXFileReference; lastKnownFileType = sourcecode.swift; path = MediaControlService.swift; sourceTree = "<group>"; };
/* End PBXFileReference section */

/* Begin PBXFrameworksBuildPhase section */
		77722629E19EB6499662307C /* Frameworks */ = {
			isa = PBXFrameworksBuildPhase;
			buildActionMask = 2147483647;
			files = (
				15085774CCF00862CAA2FE69 /* KeychainAccess in Frameworks */,
				D56693CBCEF6615A7307DC18 /* MultipeerConnectivity.framework in Frameworks */,
			);
			runOnlyForDeploymentPostprocessing = 0;
		};
/* End PBXFrameworksBuildPhase section */

/* Begin PBXGroup section */
		0262CEC1E40A3D6B3AA86880 /* Views */ = {
			isa = PBXGroup;
			children = (
				C1AFC241122CF1DD5DD37590 /* NearbyDevicesView.swift */,
				BA3199860E97800705FEE4E8 /* PairingView.swift */,
				A112B873EBB995E818783F71 /* QRCodePairingView.swift */,
			);
			path = Views;
			sourceTree = "<group>";
		};
		084FE104635F6FE9538D76BC /* Receiver */ = {
			isa = PBXGroup;
			children = (
				F4EF029A3281013C5B66F47F /* ViewModels */,
				4581D8A35DF4AA98FF693E28 /* Views */,
			);
			path = Receiver;
			sourceTree = "<group>";
		};
		12E0E64BE57C516B644E513C /* Views */ = {
			isa = PBXGroup;
			children = (
				694C09EE73BB00D1E7AA38C9 /* OnboardingView.swift */,
				E917D7DF095017B455B5B47D /* RoleSelectionView.swift */,
			);
			path = Views;
			sourceTree = "<group>";
		};
		13E39EB8DB02112C48B4862C /* Networking */ = {
			isa = PBXGroup;
			children = (
				0EE996094FFA7DC7E33FE3EC /* CommandEncoder.swift */,
				C82EF06B4631D3B76586D13A /* PeerSession.swift */,
			);
			path = Networking;
			sourceTree = "<group>";
		};
		26FDABB9F109A37338EB453E /* Onboarding */ = {
			isa = PBXGroup;
			children = (
				12E0E64BE57C516B644E513C /* Views */,
			);
			path = Onboarding;
			sourceTree = "<group>";
		};
		3805021754FBD3694D01F61C /* Features */ = {
			isa = PBXGroup;
			children = (
				26FDABB9F109A37338EB453E /* Onboarding */,
				B185AA44A7568FEDF6023FA5 /* Pairing */,
				084FE104635F6FE9538D76BC /* Receiver */,
				BC04227CCE8B8298093A8F2C /* Sender */,
				5DEE15EA4C479EC76F2E3912 /* Settings */,
			);
			path = Features;
			sourceTree = "<group>";
		};
		399291B7B7B19A33EF896C89 /* ViewModels */ = {
			isa = PBXGroup;
			children = (
				2F2D5C3FDDC8E31C043891FD /* ButtonEditorViewModel.swift */,
				918DB032E1CFBBE89AB333CB /* SenderViewModel.swift */,
			);
			path = ViewModels;
			sourceTree = "<group>";
		};
		4581D8A35DF4AA98FF693E28 /* Views */ = {
			isa = PBXGroup;
			children = (
				2D8CA8351E9F423A5B17F661 /* IncomingCommandView.swift */,
				985A37298E99CD647B8ACC10 /* ReceiverView.swift */,
			);
			path = Views;
			sourceTree = "<group>";
		};
		45842787E700F69C7C68954D /* Storage */ = {
			isa = PBXGroup;
			children = (
				7CACBF719129B512794D3086 /* DashboardStore.swift */,
				3DDBB72D105D2E9FEDB1BA32 /* TrustedDeviceStore.swift */,
			);
			path = Storage;
			sourceTree = "<group>";
		};
		4DA903B3671771C66EA97539 /* Frameworks */ = {
			isa = PBXGroup;
			children = (
				27435979ECB90C117531A035 /* MultipeerConnectivity.framework */,
			);
			name = Frameworks;
			sourceTree = "<group>";
		};
		560A8071D5A17E8933191334 /* DeskBoardTests */ = {
			isa = PBXGroup;
			children = (
				29379A2600DAD046CB33CA62 /* ButtonActionTests.swift */,
				AC300AF9757CF2E35F29479F /* CommandMessageTests.swift */,
				17CCEF3B3488D0D17EC0FAB7 /* DashboardModelTests.swift */,
			);
			path = DeskBoardTests;
			sourceTree = "<group>";
		};
		5C3174D6855F73C8B725667A /* Utilities */ = {
			isa = PBXGroup;
			children = (
				E8ABCB80880E8496EE3E87AB /* AppConfiguration.swift */,
				8BCDB1E2E9372A04739FEBAA /* HapticManager.swift */,
			);
			path = Utilities;
			sourceTree = "<group>";
		};
		5DEE15EA4C479EC76F2E3912 /* Settings */ = {
			isa = PBXGroup;
			children = (
				EC955973F47A7A0B56C5A549 /* ViewModels */,
				DA1EE1257BA2029101B2533E /* Views */,
			);
			path = Settings;
			sourceTree = "<group>";
		};
		6229556F26CDCD55F6F19CB7 /* Core */ = {
			isa = PBXGroup;
			children = (
				C4A989CEC56348E5F1F21608 /* Extensions */,
				ED93ACE0FEF6AB98D78F7560 /* Models */,
				13E39EB8DB02112C48B4862C /* Networking */,
				6EBE59890A1324D31B9366D0 /* Services */,
				45842787E700F69C7C68954D /* Storage */,
				5C3174D6855F73C8B725667A /* Utilities */,
			);
			path = Core;
			sourceTree = "<group>";
		};
		6EBE59890A1324D31B9366D0 /* Services */ = {
			isa = PBXGroup;
			children = (
				AEA3DEDA61429A208D8C1897 /* ActionEngine.swift */,
				755B462B261DFF0D6D5F3FB1 /* BackupService.swift */,
				7B8D28940C5867E1D21E0D0A /* ExecutionLogStore.swift */,
				19E4AB6DB62BA49725531E72 /* ExecutionRouter.swift */,
				A711818E2DB8F4B710EDD84B /* HTTPActionService.swift */,
				F3E7B462F833C22CC81EE7D1 /* MediaControlService.swift */,
			);
			path = Services;
			sourceTree = "<group>";
		};
		88053D4FCFB4609AFBCAA0C9 /* DeskBoardWidget */ = {
			isa = PBXGroup;
			children = (
				11A5B18A2F35BB65F59DECA8 /* DeskBoardControlCenterWidgets.swift */,
				D62589EF7002C2A00734FF7F /* DeskBoardControlWidgetBundle.swift */,
				E43BB638A9FE1E4B05B2A680 /* DeskBoardQuickActionsWidget.swift */,
			);
			path = DeskBoardWidget;
			sourceTree = "<group>";
		};
		B185AA44A7568FEDF6023FA5 /* Pairing */ = {
			isa = PBXGroup;
			children = (
				C7CBDCDF72FDBDCE968E9D35 /* ViewModels */,
				0262CEC1E40A3D6B3AA86880 /* Views */,
			);
			path = Pairing;
			sourceTree = "<group>";
		};
		B5E3605C539B95A1725755F0 /* Sources */ = {
			isa = PBXGroup;
			children = (
				FD504E4251A4EE2C00C78920 /* DeskBoard */,
				88053D4FCFB4609AFBCAA0C9 /* DeskBoardWidget */,
			);
			path = Sources;
			sourceTree = "<group>";
		};
		BC04227CCE8B8298093A8F2C /* Sender */ = {
			isa = PBXGroup;
			children = (
				399291B7B7B19A33EF896C89 /* ViewModels */,
				E44E1FFD871311890D70907E /* Views */,
			);
			path = Sender;
			sourceTree = "<group>";
		};
		C4A989CEC56348E5F1F21608 /* Extensions */ = {
			isa = PBXGroup;
			children = (
				E6E45C5897E702473ACB4C8D /* Extensions.swift */,
			);
			path = Extensions;
			sourceTree = "<group>";
		};
		C6746BED5298376F9E1B6B6B /* Tests */ = {
			isa = PBXGroup;
			children = (
				560A8071D5A17E8933191334 /* DeskBoardTests */,
			);
			path = Tests;
			sourceTree = "<group>";
		};
		C7CBDCDF72FDBDCE968E9D35 /* ViewModels */ = {
			isa = PBXGroup;
			children = (
				D193EC327DB7955B0BFFBD4C /* PairingViewModel.swift */,
			);
			path = ViewModels;
			sourceTree = "<group>";
		};
		C97F314D0FAD61C8E7F960F4 /* Products */ = {
			isa = PBXGroup;
			children = (
				69B3F407D05332EF85FC3A82 /* DeskBoard.app */,
				2DE8DB63B48ACDC9CFD7BEC9 /* DeskBoardControls.appex */,
				7E7D9529EBB8D943C19A306B /* DeskBoardTests.xctest */,
			);
			name = Products;
			sourceTree = "<group>";
		};
		CEF253821695563CF9615E2A = {
			isa = PBXGroup;
			children = (
				A239F023CF9DE3E8E70C8391 /* Resources */,
				B5E3605C539B95A1725755F0 /* Sources */,
				C6746BED5298376F9E1B6B6B /* Tests */,
				4DA903B3671771C66EA97539 /* Frameworks */,
				C97F314D0FAD61C8E7F960F4 /* Products */,
			);
			indentWidth = 4;
			sourceTree = "<group>";
			tabWidth = 4;
			usesTabs = 0;
		};
		CFA02A8DEC90B5B1FCD272EA /* App */ = {
			isa = PBXGroup;
			children = (
				2CA53F9C328D42DAAC8AB856 /* AppDelegate.swift */,
				E4F3DCEAFC3512088E031018 /* AppState.swift */,
				E05D2C7E468650A2153E83E7 /* DeskBoard.entitlements */,
				46CAE8A06C795AFDD73CC38A /* DeskBoardApp.swift */,
				8AA2F0E09ED693B4CD1B2042 /* DeskBoardIntents.swift */,
				BB8B46C2DF460D2E35BD545C /* RootView.swift */,
			);
			path = App;
			sourceTree = "<group>";
		};
		DA1EE1257BA2029101B2533E /* Views */ = {
			isa = PBXGroup;
			children = (
				9EDF287A9F85F2E505B0E5FB /* DiagnosticsView.swift */,
				06507842F60C96922170EB84 /* ExecutionLogView.swift */,
				6CBE0EE83023CE06DBE3B2E9 /* IntentControlsView.swift */,
				AEE8DF0CBABB87977F0059F8 /* SettingsView.swift */,
			);
			path = Views;
			sourceTree = "<group>";
		};
		E44E1FFD871311890D70907E /* Views */ = {
			isa = PBXGroup;
			children = (
				929D3271C20652BC7C966B50 /* ButtonEditorView.swift */,
				D75EA962BB841FC5E1490454 /* DashboardGridView.swift */,
				C7F70320B0003C77771CEE5D /* DeskButtonView.swift */,
				3BAA19941D3026DCAA54EC94 /* FullscreenDeckView.swift */,
				CECDCFAF4593ABA6E4C82EE7 /* PagePickerView.swift */,
				0C796FC91C49753D83F08524 /* SenderView.swift */,
				D60183CE1720A00C40C9197C /* VolumeKnobView.swift */,
			);
			path = Views;
			sourceTree = "<group>";
		};
		EC955973F47A7A0B56C5A549 /* ViewModels */ = {
			isa = PBXGroup;
			children = (
				94F75B5D7F620A56B503A314 /* SettingsViewModel.swift */,
			);
			path = ViewModels;
			sourceTree = "<group>";
		};
		ED93ACE0FEF6AB98D78F7560 /* Models */ = {
			isa = PBXGroup;
			children = (
				76B606D23F8E79ED06B02C95 /* ActionPayload.swift */,
				01632B24A306ADB81C658160 /* AppCatalog.swift */,
				1AC399DD0B1B144BA26D68EC /* BackupFormat.swift */,
				0FB650998C6A688CFDEA00D7 /* ButtonAction.swift */,
				E16C86FBEAA80ABF01B09C90 /* ButtonState.swift */,
				1031EF7D369C44C4E1956153 /* CommandMessage.swift */,
				DB6B68D62474E21484E064BD /* Dashboard.swift */,
				866D0F6562BF99D770ECFF7B /* ExecutionLog.swift */,
				70EE7F2CDE9D90AD430C6237 /* ExecutionPolicies.swift */,
				D2EBE2BC8A348CC42F761117 /* PairedDevice.swift */,
				C96CB514AC0BA5B2F7C4F67E /* SampleData.swift */,
			);
			path = Models;
			sourceTree = "<group>";
		};
		F4EF029A3281013C5B66F47F /* ViewModels */ = {
			isa = PBXGroup;
			children = (
				72F57A454D610ACA08696CA3 /* ReceiverViewModel.swift */,
			);
			path = ViewModels;
			sourceTree = "<group>";
		};
		FD504E4251A4EE2C00C78920 /* DeskBoard */ = {
			isa = PBXGroup;
			children = (
				CFA02A8DEC90B5B1FCD272EA /* App */,
				6229556F26CDCD55F6F19CB7 /* Core */,
				3805021754FBD3694D01F61C /* Features */,
			);
			path = DeskBoard;
			sourceTree = "<group>";
		};
/* End PBXGroup section */

/* Begin PBXNativeTarget section */
		75B3C42D566A7ED15CED5851 /* DeskBoard */ = {
			isa = PBXNativeTarget;
			buildConfigurationList = 67ADDFFADBD25D8FA2F04578 /* Build configuration list for PBXNativeTarget "DeskBoard" */;
			buildPhases = (
				240282305EEAA405F06FEFE4 /* Generate App Icons */,
				4761B9ED00A30C1C469C0720 /* Sources */,
				77722629E19EB6499662307C /* Frameworks */,
				F5A34446CCC569B727A2BC48 /* Embed Foundation Extensions */,
			);
			buildRules = (
			);
			dependencies = (
				B8E3193BFB26143A5484853B /* PBXTargetDependency */,
			);
			name = DeskBoard;
			packageProductDependencies = (
				E002A82D44BA31CF6758FD5E /* KeychainAccess */,
			);
			productName = DeskBoard;
			productReference = 69B3F407D05332EF85FC3A82 /* DeskBoard.app */;
			productType = "com.apple.product-type.application";
		};
		E8537338728BF55DEAA60500 /* DeskBoardTests */ = {
			isa = PBXNativeTarget;
			buildConfigurationList = BE0D8FFBA21A679BBDCF96F1 /* Build configuration list for PBXNativeTarget "DeskBoardTests" */;
			buildPhases = (
				59BD9A4763852DEC4CB15218 /* Sources */,
			);
			buildRules = (
			);
			dependencies = (
				C20D7EAA5AA4C728284D302B /* PBXTargetDependency */,
			);
			name = DeskBoardTests;
			packageProductDependencies = (
			);
			productName = DeskBoardTests;
			productReference = 7E7D9529EBB8D943C19A306B /* DeskBoardTests.xctest */;
			productType = "com.apple.product-type.bundle.unit-test";
		};
		FC41A67A39A771896EB98558 /* DeskBoardControls */ = {
			isa = PBXNativeTarget;
			buildConfigurationList = 775F44DA0629E13ED2E87115 /* Build configuration list for PBXNativeTarget "DeskBoardControls" */;
			buildPhases = (
				83D5547E5720F629D5BF3D22 /* Sources */,
			);
			buildRules = (
			);
			dependencies = (
			);
			name = DeskBoardControls;
			packageProductDependencies = (
			);
			productName = DeskBoardControls;
			productReference = 2DE8DB63B48ACDC9CFD7BEC9 /* DeskBoardControls.appex */;
			productType = "com.apple.product-type.app-extension";
		};
/* End PBXNativeTarget section */

/* Begin PBXProject section */
		8454F5BADAE8EDABF0519294 /* Project object */ = {
			isa = PBXProject;
			attributes = {
				BuildIndependentTargetsInParallel = YES;
				LastUpgradeCheck = 1520;
				TargetAttributes = {
					75B3C42D566A7ED15CED5851 = {
						DevelopmentTeam = "$(DEVELOPMENT_TEAM)";
						ProvisioningStyle = Manual;
					};
					FC41A67A39A771896EB98558 = {
						DevelopmentTeam = "$(DEVELOPMENT_TEAM)";
						ProvisioningStyle = Manual;
					};
				};
			};
			buildConfigurationList = AF37F23E3ED296F5BDFFE059 /* Build configuration list for PBXProject "DeskBoard" */;
			developmentRegion = en;
			hasScannedForEncodings = 0;
			knownRegions = (
				Base,
				en,
			);
			mainGroup = CEF253821695563CF9615E2A;
			minimizedProjectReferenceProxies = 1;
			packageReferences = (
				7F38010FA77A196385A074B6 /* XCRemoteSwiftPackageReference "KeychainAccess" */,
			);
			preferredProjectObjectVersion = 77;
			productRefGroup = C97F314D0FAD61C8E7F960F4 /* Products */;
			projectDirPath = "";
			projectRoot = "";
			targets = (
				75B3C42D566A7ED15CED5851 /* DeskBoard */,
				FC41A67A39A771896EB98558 /* DeskBoardControls */,
				E8537338728BF55DEAA60500 /* DeskBoardTests */,
			);
		};
/* End PBXProject section */

/* Begin PBXShellScriptBuildPhase section */
		240282305EEAA405F06FEFE4 /* Generate App Icons */ = {
			isa = PBXShellScriptBuildPhase;
			buildActionMask = 2147483647;
			files = (
			);
			inputFileListPaths = (
			);
			inputPaths = (
			);
			name = "Generate App Icons";
			outputFileListPaths = (
			);
			outputPaths = (
			);
			runOnlyForDeploymentPostprocessing = 0;
			shellPath = /bin/sh;
			shellScript = "ICON=\"${SRCROOT}/Resources/Assets.xcassets/AppIcon.appiconset/icon.png\"\nDEST=\"${SRCROOT}/Resources/Assets.xcassets/AppIcon.appiconset\"\nif [ ! -f \"$ICON\" ] && [ -f \"${SRCROOT}/DeckBoard/Assets.xcassets/AppIcon.appiconset/icon.png\" ]; then\n  ICON=\"${SRCROOT}/DeckBoard/Assets.xcassets/AppIcon.appiconset/icon.png\"\n  cp \"$ICON\" \"$DEST/icon.png\"\nfi\nif [ -f \"$ICON\" ]; then\n  sips -z 40 40 \"$ICON\" --out \"$DEST/icon-20@2x.png\" 2>/dev/null || true\n  sips -z 60 60 \"$ICON\" --out \"$DEST/icon-20@3x.png\" 2>/dev/null || true\n  sips -z 58 58 \"$ICON\" --out \"$DEST/icon-29@2x.png\" 2>/dev/null || true\n  sips -z 87 87 \"$ICON\" --out \"$DEST/icon-29@3x.png\" 2>/dev/null || true\n  sips -z 80 80 \"$ICON\" --out \"$DEST/icon-40@2x.png\" 2>/dev/null || true\n  sips -z 120 120 \"$ICON\" --out \"$DEST/icon-40@3x.png\" 2>/dev/null || true\n  sips -z 120 120 \"$ICON\" --out \"$DEST/icon-60@2x.png\" 2>/dev/null || true\n  sips -z 180 180 \"$ICON\" --out \"$DEST/icon-60@3x.png\" 2>/dev/null || true\n  sips -z 20 20 \"$ICON\" --out \"$DEST/icon-20.png\" 2>/dev/null || true\n  sips -z 29 29 \"$ICON\" --out \"$DEST/icon-29.png\" 2>/dev/null || true\n  sips -z 40 40 \"$ICON\" --out \"$DEST/icon-40.png\" 2>/dev/null || true\n  sips -z 76 76 \"$ICON\" --out \"$DEST/icon-76.png\" 2>/dev/null || true\n  sips -z 152 152 \"$ICON\" --out \"$DEST/icon-76@2x.png\" 2>/dev/null || true\n  sips -z 167 167 \"$ICON\" --out \"$DEST/icon-83.5@2x.png\" 2>/dev/null || true\n  sips -z 1024 1024 \"$ICON\" --out \"$DEST/icon-1024.png\" 2>/dev/null || true\nfi\n";
		};
/* End PBXShellScriptBuildPhase section */

/* Begin PBXSourcesBuildPhase section */
		4761B9ED00A30C1C469C0720 /* Sources */ = {
			isa = PBXSourcesBuildPhase;
			buildActionMask = 2147483647;
			files = (
				7F55DDEF6D16103C2B45A4B9 /* ActionEngine.swift in Sources */,
				803BAC28CE442DD5FBF63CC3 /* ActionPayload.swift in Sources */,
				DBB6F138B7446C3D641A6902 /* AppCatalog.swift in Sources */,
				3B4BCFD1C304D338BEF9F014 /* AppConfiguration.swift in Sources */,
				F4C4D40AA41F67D07A242323 /* AppDelegate.swift in Sources */,
				E7D104A1219A90EC30084314 /* AppState.swift in Sources */,
				62352EC91A20D1E58DE46C06 /* BackupFormat.swift in Sources */,
				6D187F18ECAAE82D51D499DE /* BackupService.swift in Sources */,
				CA525B5C3EC56CCE398B2650 /* ButtonAction.swift in Sources */,
				1D8C19F14D99EFD2CEE11ACA /* ButtonEditorView.swift in Sources */,
				B6668640A482AC6742B427B1 /* ButtonEditorViewModel.swift in Sources */,
				68367FECE604C5432AD32179 /* ButtonState.swift in Sources */,
				F2ED350861EECBEDF2E4FFBB /* CommandEncoder.swift in Sources */,
				DB33E8DD5C2D02784400B725 /* CommandMessage.swift in Sources */,
				31AC47CFCFABC66581A8856A /* Dashboard.swift in Sources */,
				61B58F9735FE58844BCEA895 /* DashboardGridView.swift in Sources */,
				E6D4B811E3C413953D5AA613 /* DashboardStore.swift in Sources */,
				D99897FB4976C74D50D2FF6C /* DeskBoardApp.swift in Sources */,
				6DB3D28D4F29F32F34E0F9D2 /* DeskBoardIntents.swift in Sources */,
				EFA90CF0F141E7A5A699FF3A /* DeskButtonView.swift in Sources */,
				C5388FE63A025972A09C52CD /* DiagnosticsView.swift in Sources */,
				FE9618993A72FA070D3FF6E0 /* ExecutionLog.swift in Sources */,
				307324FE1975AAC3134F13D3 /* ExecutionLogStore.swift in Sources */,
				F75CCA34A58E796F447DD470 /* ExecutionLogView.swift in Sources */,
				518C3346217752D23FF8AEB2 /* ExecutionPolicies.swift in Sources */,
				7155129BAE31C63C61B140E1 /* ExecutionRouter.swift in Sources */,
				81F9DFCEEAA3394E65EC19B1 /* Extensions.swift in Sources */,
				B709320F900DB3D874CF6121 /* FullscreenDeckView.swift in Sources */,
				2906853240DA27384452F534 /* HTTPActionService.swift in Sources */,
				7DCCE1DF58706FC8B91472CA /* HapticManager.swift in Sources */,
				D8C1DEC8932EB730D98A6A49 /* IncomingCommandView.swift in Sources */,
				A3AE0E62CC6A2C1C4F1D01F0 /* IntentControlsView.swift in Sources */,
				038893A8A49234934A58CDCB /* MediaControlService.swift in Sources */,
				1D750A9F1382A2F632105CA1 /* NearbyDevicesView.swift in Sources */,
				89438BF872947251193A2832 /* OnboardingView.swift in Sources */,
				79B80190FB7353C034F24C75 /* PagePickerView.swift in Sources */,
				69FD704FEE19846CFE6496CF /* PairedDevice.swift in Sources */,
				FB509D1CB17FEFBEE491FD63 /* PairingView.swift in Sources */,
				2A221EFD9E2A9EFEF9FD81B0 /* PairingViewModel.swift in Sources */,
				DA789FBB07F98DAB954FFB2C /* PeerSession.swift in Sources */,
				45D7EB924E436500A7496417 /* QRCodePairingView.swift in Sources */,
				69ADE2DBB4900BFD6B222594 /* ReceiverView.swift in Sources */,
				6E63C93BD8A124C418688908 /* ReceiverViewModel.swift in Sources */,
				160033287F93FD25ECEB06C9 /* RoleSelectionView.swift in Sources */,
				1084FAC4F95A3F8684FE98D2 /* RootView.swift in Sources */,
				57DBB81EE5D579AB16C41ABA /* SampleData.swift in Sources */,
				D37D41FC3A42F61E69E932F5 /* SenderView.swift in Sources */,
				64C1809710615965B3F9684F /* SenderViewModel.swift in Sources */,
				C7ACE3C4650E56A27474284C /* SettingsView.swift in Sources */,
				4A8C2BD5769E2A7D0FDB308D /* SettingsViewModel.swift in Sources */,
				6256540936F46E10527725B6 /* TrustedDeviceStore.swift in Sources */,
				903CE5032B5CE49533BC8CC8 /* VolumeKnobView.swift in Sources */,
			);
			runOnlyForDeploymentPostprocessing = 0;
		};
		59BD9A4763852DEC4CB15218 /* Sources */ = {
			isa = PBXSourcesBuildPhase;
			buildActionMask = 2147483647;
			files = (
				8637FE17E8E5DF33AAF50453 /* ButtonActionTests.swift in Sources */,
				511BD28D0E37503A7A951959 /* CommandMessageTests.swift in Sources */,
				D6AEF20808B169F172D80AA3 /* DashboardModelTests.swift in Sources */,
			);
			runOnlyForDeploymentPostprocessing = 0;
		};
		83D5547E5720F629D5BF3D22 /* Sources */ = {
			isa = PBXSourcesBuildPhase;
			buildActionMask = 2147483647;
			files = (
				85BC506AB76E873BB83FC61E /* DeskBoardControlCenterWidgets.swift in Sources */,
				1207FE1BB5AC2BF341B5593A /* DeskBoardControlWidgetBundle.swift in Sources */,
				BD9917C46DF828B815B84E0C /* DeskBoardIntents.swift in Sources */,
				A68A39451E3DDC6814DD3F2A /* DeskBoardQuickActionsWidget.swift in Sources */,
			);
			runOnlyForDeploymentPostprocessing = 0;
		};
/* End PBXSourcesBuildPhase section */

/* Begin PBXTargetDependency section */
		B8E3193BFB26143A5484853B /* PBXTargetDependency */ = {
			isa = PBXTargetDependency;
			target = FC41A67A39A771896EB98558 /* DeskBoardControls */;
			targetProxy = A63992EB5451F3FEADC875F6 /* PBXContainerItemProxy */;
		};
		C20D7EAA5AA4C728284D302B /* PBXTargetDependency */ = {
			isa = PBXTargetDependency;
			target = 75B3C42D566A7ED15CED5851 /* DeskBoard */;
			targetProxy = D8ACFCB8407D87A7E2FDB63F /* PBXContainerItemProxy */;
		};
/* End PBXTargetDependency section */

/* Begin XCBuildConfiguration section */
		0E13654F6B4AE1597D3144C8 /* Debug */ = {
			isa = XCBuildConfiguration;
			buildSettings = {
				APPLICATION_EXTENSION_API_ONLY = YES;
				CODE_SIGN_STYLE = Manual;
				DEVELOPMENT_TEAM = "$(DEVELOPMENT_TEAM)";
				INFOPLIST_FILE = Resources/DeskBoardWidget/Info.plist;
				IPHONEOS_DEPLOYMENT_TARGET = 18.0;
				LD_RUNPATH_SEARCH_PATHS = (
					"$(inherited)",
					"@executable_path/Frameworks",
					"@executable_path/../../Frameworks",
				);
				PRODUCT_BUNDLE_IDENTIFIER = app.rork.qk8s5pz3bbw4sk3nw0gmq.controls;
				PROVISIONING_PROFILE_SPECIFIER = "$(PROVISIONING_PROFILE_SPECIFIER)";
				SDKROOT = iphoneos;
				TARGETED_DEVICE_FAMILY = "1,2";
			};
			name = Debug;
		};
		61A922904D2369D079DACBB8 /* Debug */ = {
			isa = XCBuildConfiguration;
			buildSettings = {
				APS_ENVIRONMENT = development;
				ASSETCATALOG_COMPILER_APPICON_NAME = AppIcon;
				ASSETCATALOG_COMPILER_GLOBAL_ACCENT_COLOR_NAME = AccentColor;
				ASSETCATALOG_COMPILER_INCLUDE_ALL_APPICON_ASSETS = YES;
				CODE_SIGN_ENTITLEMENTS = Sources/DeskBoard/App/DeskBoard.entitlements;
				CODE_SIGN_IDENTITY = "iPhone Developer";
				CODE_SIGN_STYLE = Manual;
				DEVELOPMENT_TEAM = "$(DEVELOPMENT_TEAM)";
				INFOPLIST_FILE = Resources/Info.plist;
				IPHONEOS_DEPLOYMENT_TARGET = 16.0;
				LD_RUNPATH_SEARCH_PATHS = (
					"$(inherited)",
					"@executable_path/Frameworks",
				);
				PRODUCT_BUNDLE_IDENTIFIER = app.rork.qk8s5pz3bbw4sk3nw0gmq;
				PROVISIONING_PROFILE_SPECIFIER = "$(PROVISIONING_PROFILE_SPECIFIER)";
				SDKROOT = iphoneos;
				SWIFT_ACTIVE_COMPILATION_CONDITIONS = DEBUG;
				SWIFT_OPTIMIZATION_LEVEL = "-Onone";
				TARGETED_DEVICE_FAMILY = "1,2";
			};
			name = Debug;
		};
		75ECEEB9949B7287984B195A /* Release */ = {
			isa = XCBuildConfiguration;
			buildSettings = {
				APS_ENVIRONMENT = production;
				ASSETCATALOG_COMPILER_APPICON_NAME = AppIcon;
				ASSETCATALOG_COMPILER_GLOBAL_ACCENT_COLOR_NAME = AccentColor;
				ASSETCATALOG_COMPILER_INCLUDE_ALL_APPICON_ASSETS = YES;
				CODE_SIGN_ENTITLEMENTS = Sources/DeskBoard/App/DeskBoard.entitlements;
				CODE_SIGN_IDENTITY = "iPhone Distribution";
				CODE_SIGN_STYLE = Manual;
				DEVELOPMENT_TEAM = "$(DEVELOPMENT_TEAM)";
				INFOPLIST_FILE = Resources/Info.plist;
				IPHONEOS_DEPLOYMENT_TARGET = 16.0;
				LD_RUNPATH_SEARCH_PATHS = (
					"$(inherited)",
					"@executable_path/Frameworks",
				);
				PRODUCT_BUNDLE_IDENTIFIER = app.rork.qk8s5pz3bbw4sk3nw0gmq;
				PROVISIONING_PROFILE_SPECIFIER = "$(PROVISIONING_PROFILE_SPECIFIER)";
				SDKROOT = iphoneos;
				SWIFT_OPTIMIZATION_LEVEL = "-Osize";
				TARGETED_DEVICE_FAMILY = "1,2";
				VALIDATE_PRODUCT = YES;
			};
			name = Release;
		};
		800AFFCAF8D6E74B6322B907 /* Release */ = {
			isa = XCBuildConfiguration;
			buildSettings = {
				APPLICATION_EXTENSION_API_ONLY = YES;
				CODE_SIGN_STYLE = Manual;
				DEVELOPMENT_TEAM = "$(DEVELOPMENT_TEAM)";
				INFOPLIST_FILE = Resources/DeskBoardWidget/Info.plist;
				IPHONEOS_DEPLOYMENT_TARGET = 18.0;
				LD_RUNPATH_SEARCH_PATHS = (
					"$(inherited)",
					"@executable_path/Frameworks",
					"@executable_path/../../Frameworks",
				);
				PRODUCT_BUNDLE_IDENTIFIER = app.rork.qk8s5pz3bbw4sk3nw0gmq.controls;
				PROVISIONING_PROFILE_SPECIFIER = "$(PROVISIONING_PROFILE_SPECIFIER)";
				SDKROOT = iphoneos;
				TARGETED_DEVICE_FAMILY = "1,2";
			};
			name = Release;
		};
		9622EFF24A0758FA42637FD5 /* Debug */ = {
			isa = XCBuildConfiguration;
			buildSettings = {
				BUNDLE_LOADER = "$(TEST_HOST)";
				CODE_SIGNING_ALLOWED = NO;
				CODE_SIGNING_REQUIRED = NO;
				GENERATE_INFOPLIST_FILE = YES;
				IPHONEOS_DEPLOYMENT_TARGET = 16.0;
				LD_RUNPATH_SEARCH_PATHS = (
					"$(inherited)",
					"@executable_path/Frameworks",
					"@loader_path/Frameworks",
				);
				PRODUCT_BUNDLE_IDENTIFIER = com.deskboard.tests;
				SDKROOT = iphoneos;
				TARGETED_DEVICE_FAMILY = "1,2";
				TEST_HOST = "$(BUILT_PRODUCTS_DIR)/DeskBoard.app/$(BUNDLE_EXECUTABLE_FOLDER_PATH)/DeskBoard";
			};
			name = Debug;
		};
		9B8D39798EC599FD6E572DC4 /* Release */ = {
			isa = XCBuildConfiguration;
			buildSettings = {
				ALWAYS_SEARCH_USER_PATHS = NO;
				CLANG_ANALYZER_NONNULL = YES;
				CLANG_ANALYZER_NUMBER_OBJECT_CONVERSION = YES_AGGRESSIVE;
				CLANG_CXX_LANGUAGE_STANDARD = "gnu++14";
				CLANG_CXX_LIBRARY = "libc++";
				CLANG_ENABLE_MODULES = YES;
				CLANG_ENABLE_MODULE_DEBUGGING = NO;
				CLANG_ENABLE_OBJC_ARC = YES;
				CLANG_ENABLE_OBJC_WEAK = YES;
				CLANG_WARN_BLOCK_CAPTURE_AUTORELEASING = YES;
				CLANG_WARN_BOOL_CONVERSION = YES;
				CLANG_WARN_COMMA = YES;
				CLANG_WARN_CONSTANT_CONVERSION = YES;
				CLANG_WARN_DEPRECATED_OBJC_IMPLEMENTATIONS = YES;
				CLANG_WARN_DIRECT_OBJC_ISA_USAGE = YES_ERROR;
				CLANG_WARN_DOCUMENTATION_COMMENTS = YES;
				CLANG_WARN_EMPTY_BODY = YES;
				CLANG_WARN_ENUM_CONVERSION = YES;
				CLANG_WARN_INFINITE_RECURSION = YES;
				CLANG_WARN_INT_CONVERSION = YES;
				CLANG_WARN_NON_LITERAL_NULL_CONVERSION = YES;
				CLANG_WARN_OBJC_IMPLICIT_RETAIN_SELF = YES;
				CLANG_WARN_OBJC_LITERAL_CONVERSION = YES;
				CLANG_WARN_OBJC_ROOT_CLASS = YES_ERROR;
				CLANG_WARN_QUOTED_INCLUDE_IN_FRAMEWORK_HEADER = YES;
				CLANG_WARN_RANGE_LOOP_ANALYSIS = YES;
				CLANG_WARN_STRICT_PROTOTYPES = YES;
				CLANG_WARN_SUSPICIOUS_MOVE = YES;
				CLANG_WARN_UNGUARDED_AVAILABILITY = YES_AGGRESSIVE;
				CLANG_WARN_UNREACHABLE_CODE = YES;
				CLANG_WARN__DUPLICATE_METHOD_MATCH = YES;
				COPY_PHASE_STRIP = NO;
				DEBUG_INFORMATION_FORMAT = "dwarf-with-dsym";
				ENABLE_BITCODE = NO;
				ENABLE_NS_ASSERTIONS = NO;
				ENABLE_STRICT_OBJC_MSGSEND = YES;
				GCC_C_LANGUAGE_STANDARD = gnu11;
				GCC_NO_COMMON_BLOCKS = YES;
				GCC_WARN_64_TO_32_BIT_CONVERSION = YES;
				GCC_WARN_ABOUT_RETURN_TYPE = YES_ERROR;
				GCC_WARN_UNDECLARED_SELECTOR = YES;
				GCC_WARN_UNINITIALIZED_AUTOS = YES_AGGRESSIVE;
				GCC_WARN_UNUSED_FUNCTION = YES;
				GCC_WARN_UNUSED_VARIABLE = YES;
				IPHONEOS_DEPLOYMENT_TARGET = 16.0;
				MTL_ENABLE_DEBUG_INFO = NO;
				MTL_FAST_MATH = YES;
				OTHER_SWIFT_FLAGS = "-warn-concurrency";
				PRODUCT_NAME = "$(TARGET_NAME)";
				SDKROOT = iphoneos;
				SWIFT_COMPILATION_MODE = wholemodule;
				SWIFT_OPTIMIZATION_LEVEL = "-O";
				SWIFT_STRICT_CONCURRENCY = complete;
				SWIFT_VERSION = 5.9;
			};
			name = Release;
		};
		D4515F782A270355E0D4C29E /* Release */ = {
			isa = XCBuildConfiguration;
			buildSettings = {
				BUNDLE_LOADER = "$(TEST_HOST)";
				CODE_SIGNING_ALLOWED = NO;
				CODE_SIGNING_REQUIRED = NO;
				GENERATE_INFOPLIST_FILE = YES;
				IPHONEOS_DEPLOYMENT_TARGET = 16.0;
				LD_RUNPATH_SEARCH_PATHS = (
					"$(inherited)",
					"@executable_path/Frameworks",
					"@loader_path/Frameworks",
				);
				PRODUCT_BUNDLE_IDENTIFIER = com.deskboard.tests;
				SDKROOT = iphoneos;
				TARGETED_DEVICE_FAMILY = "1,2";
				TEST_HOST = "$(BUILT_PRODUCTS_DIR)/DeskBoard.app/$(BUNDLE_EXECUTABLE_FOLDER_PATH)/DeskBoard";
			};
			name = Release;
		};
		E0E29EDDD4CEC175D596CDAF /* Debug */ = {
			isa = XCBuildConfiguration;
			buildSettings = {
				ALWAYS_SEARCH_USER_PATHS = NO;
				CLANG_ANALYZER_NONNULL = YES;
				CLANG_ANALYZER_NUMBER_OBJECT_CONVERSION = YES_AGGRESSIVE;
				CLANG_CXX_LANGUAGE_STANDARD = "gnu++14";
				CLANG_CXX_LIBRARY = "libc++";
				CLANG_ENABLE_MODULES = YES;
				CLANG_ENABLE_MODULE_DEBUGGING = NO;
				CLANG_ENABLE_OBJC_ARC = YES;
				CLANG_ENABLE_OBJC_WEAK = YES;
				CLANG_WARN_BLOCK_CAPTURE_AUTORELEASING = YES;
				CLANG_WARN_BOOL_CONVERSION = YES;
				CLANG_WARN_COMMA = YES;
				CLANG_WARN_CONSTANT_CONVERSION = YES;
				CLANG_WARN_DEPRECATED_OBJC_IMPLEMENTATIONS = YES;
				CLANG_WARN_DIRECT_OBJC_ISA_USAGE = YES_ERROR;
				CLANG_WARN_DOCUMENTATION_COMMENTS = YES;
				CLANG_WARN_EMPTY_BODY = YES;
				CLANG_WARN_ENUM_CONVERSION = YES;
				CLANG_WARN_INFINITE_RECURSION = YES;
				CLANG_WARN_INT_CONVERSION = YES;
				CLANG_WARN_NON_LITERAL_NULL_CONVERSION = YES;
				CLANG_WARN_OBJC_IMPLICIT_RETAIN_SELF = YES;
				CLANG_WARN_OBJC_LITERAL_CONVERSION = YES;
				CLANG_WARN_OBJC_ROOT_CLASS = YES_ERROR;
				CLANG_WARN_QUOTED_INCLUDE_IN_FRAMEWORK_HEADER = YES;
				CLANG_WARN_RANGE_LOOP_ANALYSIS = YES;
				CLANG_WARN_STRICT_PROTOTYPES = YES;
				CLANG_WARN_SUSPICIOUS_MOVE = YES;
				CLANG_WARN_UNGUARDED_AVAILABILITY = YES_AGGRESSIVE;
				CLANG_WARN_UNREACHABLE_CODE = YES;
				CLANG_WARN__DUPLICATE_METHOD_MATCH = YES;
				COPY_PHASE_STRIP = NO;
				DEBUG_INFORMATION_FORMAT = "dwarf-with-dsym";
				ENABLE_BITCODE = NO;
				ENABLE_STRICT_OBJC_MSGSEND = YES;
				ENABLE_TESTABILITY = YES;
				GCC_C_LANGUAGE_STANDARD = gnu11;
				GCC_DYNAMIC_NO_PIC = NO;
				GCC_NO_COMMON_BLOCKS = YES;
				GCC_OPTIMIZATION_LEVEL = 0;
				GCC_PREPROCESSOR_DEFINITIONS = (
					"$(inherited)",
					"DEBUG=1",
				);
				GCC_WARN_64_TO_32_BIT_CONVERSION = YES;
				GCC_WARN_ABOUT_RETURN_TYPE = YES_ERROR;
				GCC_WARN_UNDECLARED_SELECTOR = YES;
				GCC_WARN_UNINITIALIZED_AUTOS = YES_AGGRESSIVE;
				GCC_WARN_UNUSED_FUNCTION = YES;
				GCC_WARN_UNUSED_VARIABLE = YES;
				IPHONEOS_DEPLOYMENT_TARGET = 16.0;
				MTL_ENABLE_DEBUG_INFO = INCLUDE_SOURCE;
				MTL_FAST_MATH = YES;
				ONLY_ACTIVE_ARCH = YES;
				OTHER_SWIFT_FLAGS = "-warn-concurrency";
				PRODUCT_NAME = "$(TARGET_NAME)";
				SDKROOT = iphoneos;
				SWIFT_ACTIVE_COMPILATION_CONDITIONS = DEBUG;
				SWIFT_OPTIMIZATION_LEVEL = "-Onone";
				SWIFT_STRICT_CONCURRENCY = complete;
				SWIFT_VERSION = 5.9;
			};
			name = Debug;
		};
/* End XCBuildConfiguration section */

/* Begin XCConfigurationList section */
		67ADDFFADBD25D8FA2F04578 /* Build configuration list for PBXNativeTarget "DeskBoard" */ = {
			isa = XCConfigurationList;
			buildConfigurations = (
				61A922904D2369D079DACBB8 /* Debug */,
				75ECEEB9949B7287984B195A /* Release */,
			);
			defaultConfigurationIsVisible = 0;
			defaultConfigurationName = Debug;
		};
		775F44DA0629E13ED2E87115 /* Build configuration list for PBXNativeTarget "DeskBoardControls" */ = {
			isa = XCConfigurationList;
			buildConfigurations = (
				0E13654F6B4AE1597D3144C8 /* Debug */,
				800AFFCAF8D6E74B6322B907 /* Release */,
			);
			defaultConfigurationIsVisible = 0;
			defaultConfigurationName = Debug;
		};
		AF37F23E3ED296F5BDFFE059 /* Build configuration list for PBXProject "DeskBoard" */ = {
			isa = XCConfigurationList;
			buildConfigurations = (
				E0E29EDDD4CEC175D596CDAF /* Debug */,
				9B8D39798EC599FD6E572DC4 /* Release */,
			);
			defaultConfigurationIsVisible = 0;
			defaultConfigurationName = Debug;
		};
		BE0D8FFBA21A679BBDCF96F1 /* Build configuration list for PBXNativeTarget "DeskBoardTests" */ = {
			isa = XCConfigurationList;
			buildConfigurations = (
				9622EFF24A0758FA42637FD5 /* Debug */,
				D4515F782A270355E0D4C29E /* Release */,
			);
			defaultConfigurationIsVisible = 0;
			defaultConfigurationName = Debug;
		};
/* End XCConfigurationList section */

/* Begin XCRemoteSwiftPackageReference section */
		7F38010FA77A196385A074B6 /* XCRemoteSwiftPackageReference "KeychainAccess" */ = {
			isa = XCRemoteSwiftPackageReference;
			repositoryURL = "https://github.com/kishikawakatsumi/KeychainAccess";
			requirement = {
				kind = upToNextMajorVersion;
				minimumVersion = 4.2.2;
			};
		};
/* End XCRemoteSwiftPackageReference section */

/* Begin XCSwiftPackageProductDependency section */
		E002A82D44BA31CF6758FD5E /* KeychainAccess */ = {
			isa = XCSwiftPackageProductDependency;
			package = 7F38010FA77A196385A074B6 /* XCRemoteSwiftPackageReference "KeychainAccess" */;
			productName = KeychainAccess;
		};
/* End XCSwiftPackageProductDependency section */
	};
	rootObject = 8454F5BADAE8EDABF0519294 /* Project object */;
}
